// !$*UTF8*$!
{
	archiveVersion = 1;
	classes = {
	};
	objectVersion = 50;
	objects = {

/* Begin PBXBuildFile section */
		92893E56266BD961000CED03 /* AppDelegate.swift in Sources */ = {isa = PBXBuildFile; fileRef = 92893E55266BD961000CED03 /* AppDelegate.swift */; };
		92893E58266BD961000CED03 /* SceneDelegate.swift in Sources */ = {isa = PBXBuildFile; fileRef = 92893E57266BD961000CED03 /* SceneDelegate.swift */; };
		92893E5A266BD961000CED03 /* ViewController.swift in Sources */ = {isa = PBXBuildFile; fileRef = 92893E59266BD961000CED03 /* ViewController.swift */; };
		92893E5D266BD961000CED03 /* Main.storyboard in Resources */ = {isa = PBXBuildFile; fileRef = 92893E5B266BD961000CED03 /* Main.storyboard */; };
		92893E5F266BD963000CED03 /* Assets.xcassets in Resources */ = {isa = PBXBuildFile; fileRef = 92893E5E266BD963000CED03 /* Assets.xcassets */; };
		92893E62266BD963000CED03 /* LaunchScreen.storyboard in Resources */ = {isa = PBXBuildFile; fileRef = 92893E60266BD963000CED03 /* LaunchScreen.storyboard */; };
		92893E6D266BD963000CED03 /* MoneyAppTests.swift in Sources */ = {isa = PBXBuildFile; fileRef = 92893E6C266BD963000CED03 /* MoneyAppTests.swift */; };
		92893E78266BD963000CED03 /* MoneyAppUITests.swift in Sources */ = {isa = PBXBuildFile; fileRef = 92893E77266BD963000CED03 /* MoneyAppUITests.swift */; };
		92893E86266BDD28000CED03 /* Config.swift in Sources */ = {isa = PBXBuildFile; fileRef = 92893E85266BDD28000CED03 /* Config.swift */; };
/* End PBXBuildFile section */

/* Begin PBXContainerItemProxy section */
		92893E69266BD963000CED03 /* PBXContainerItemProxy */ = {
			isa = PBXContainerItemProxy;
			containerPortal = 92893E4A266BD961000CED03 /* Project object */;
			proxyType = 1;
			remoteGlobalIDString = 92893E51266BD961000CED03;
			remoteInfo = MoneyApp;
		};
		92893E74266BD963000CED03 /* PBXContainerItemProxy */ = {
			isa = PBXContainerItemProxy;
			containerPortal = 92893E4A266BD961000CED03 /* Project object */;
			proxyType = 1;
			remoteGlobalIDString = 92893E51266BD961000CED03;
			remoteInfo = MoneyApp;
		};
/* End PBXContainerItemProxy section */

/* Begin PBXFileReference section */
		92893E52266BD961000CED03 /* MoneyApp.app */ = {isa = PBXFileReference; explicitFileType = wrapper.application; includeInIndex = 0; path = MoneyApp.app; sourceTree = BUILT_PRODUCTS_DIR; };
		92893E55266BD961000CED03 /* AppDelegate.swift */ = {isa = PBXFileReference; lastKnownFileType = sourcecode.swift; path = AppDelegate.swift; sourceTree = "<group>"; };
		92893E57266BD961000CED03 /* SceneDelegate.swift */ = {isa = PBXFileReference; lastKnownFileType = sourcecode.swift; path = SceneDelegate.swift; sourceTree = "<group>"; };
		92893E59266BD961000CED03 /* ViewController.swift */ = {isa = PBXFileReference; lastKnownFileType = sourcecode.swift; path = ViewController.swift; sourceTree = "<group>"; };
		92893E5C266BD961000CED03 /* Base */ = {isa = PBXFileReference; lastKnownFileType = file.storyboard; name = Base; path = Base.lproj/Main.storyboard; sourceTree = "<group>"; };
		92893E5E266BD963000CED03 /* Assets.xcassets */ = {isa = PBXFileReference; lastKnownFileType = folder.assetcatalog; path = Assets.xcassets; sourceTree = "<group>"; };
		92893E61266BD963000CED03 /* Base */ = {isa = PBXFileReference; lastKnownFileType = file.storyboard; name = Base; path = Base.lproj/LaunchScreen.storyboard; sourceTree = "<group>"; };
		92893E63266BD963000CED03 /* Info.plist */ = {isa = PBXFileReference; lastKnownFileType = text.plist.xml; path = Info.plist; sourceTree = "<group>"; };
		92893E68266BD963000CED03 /* MoneyAppTests.xctest */ = {isa = PBXFileReference; explicitFileType = wrapper.cfbundle; includeInIndex = 0; path = MoneyAppTests.xctest; sourceTree = BUILT_PRODUCTS_DIR; };
		92893E6C266BD963000CED03 /* MoneyAppTests.swift */ = {isa = PBXFileReference; lastKnownFileType = sourcecode.swift; path = MoneyAppTests.swift; sourceTree = "<group>"; };
		92893E6E266BD963000CED03 /* Info.plist */ = {isa = PBXFileReference; lastKnownFileType = text.plist.xml; path = Info.plist; sourceTree = "<group>"; };
		92893E73266BD963000CED03 /* MoneyAppUITests.xctest */ = {isa = PBXFileReference; explicitFileType = wrapper.cfbundle; includeInIndex = 0; path = MoneyAppUITests.xctest; sourceTree = BUILT_PRODUCTS_DIR; };
		92893E77266BD963000CED03 /* MoneyAppUITests.swift */ = {isa = PBXFileReference; lastKnownFileType = sourcecode.swift; path = MoneyAppUITests.swift; sourceTree = "<group>"; };
		92893E79266BD963000CED03 /* Info.plist */ = {isa = PBXFileReference; lastKnownFileType = text.plist.xml; path = Info.plist; sourceTree = "<group>"; };
		92893E85266BDD28000CED03 /* Config.swift */ = {isa = PBXFileReference; lastKnownFileType = sourcecode.swift; path = Config.swift; sourceTree = "<group>"; };
/* End PBXFileReference section */

/* Begin PBXFrameworksBuildPhase section */
		92893E4F266BD961000CED03 /* Frameworks */ = {
			isa = PBXFrameworksBuildPhase;
			buildActionMask = 2147483647;
			files = (
			);
			runOnlyForDeploymentPostprocessing = 0;
		};
		92893E65266BD963000CED03 /* Frameworks */ = {
			isa = PBXFrameworksBuildPhase;
			buildActionMask = 2147483647;
			files = (
			);
			runOnlyForDeploymentPostprocessing = 0;
		};
		92893E70266BD963000CED03 /* Frameworks */ = {
			isa = PBXFrameworksBuildPhase;
			buildActionMask = 2147483647;
			files = (
			);
			runOnlyForDeploymentPostprocessing = 0;
		};
/* End PBXFrameworksBuildPhase section */

/* Begin PBXGroup section */
		92893E49266BD961000CED03 = {
			isa = PBXGroup;
			children = (
				92893E54266BD961000CED03 /* MoneyApp */,
				92893E6B266BD963000CED03 /* MoneyAppTests */,
				92893E76266BD963000CED03 /* MoneyAppUITests */,
				92893E53266BD961000CED03 /* Products */,
			);
			sourceTree = "<group>";
		};
		92893E53266BD961000CED03 /* Products */ = {
			isa = PBXGroup;
			children = (
				92893E52266BD961000CED03 /* MoneyApp.app */,
				92893E68266BD963000CED03 /* MoneyAppTests.xctest */,
				92893E73266BD963000CED03 /* MoneyAppUITests.xctest */,
			);
			name = Products;
			sourceTree = "<group>";
		};
		92893E54266BD961000CED03 /* MoneyApp */ = {
			isa = PBXGroup;
			children = (
				92893E55266BD961000CED03 /* AppDelegate.swift */,
				92893E57266BD961000CED03 /* SceneDelegate.swift */,
				92893E59266BD961000CED03 /* ViewController.swift */,
				92893E85266BDD28000CED03 /* Config.swift */,
				92893E5B266BD961000CED03 /* Main.storyboard */,
				92893E5E266BD963000CED03 /* Assets.xcassets */,
				92893E60266BD963000CED03 /* LaunchScreen.storyboard */,
				92893E63266BD963000CED03 /* Info.plist */,
			);
			path = MoneyApp;
			sourceTree = "<group>";
		};
		92893E6B266BD963000CED03 /* MoneyAppTests */ = {
			isa = PBXGroup;
			children = (
				92893E6C266BD963000CED03 /* MoneyAppTests.swift */,
				92893E6E266BD963000CED03 /* Info.plist */,
			);
			path = MoneyAppTests;
			sourceTree = "<group>";
		};
		92893E76266BD963000CED03 /* MoneyAppUITests */ = {
			isa = PBXGroup;
			children = (
				92893E77266BD963000CED03 /* MoneyAppUITests.swift */,
				92893E79266BD963000CED03 /* Info.plist */,
			);
			path = MoneyAppUITests;
			sourceTree = "<group>";
		};
/* End PBXGroup section */

/* Begin PBXNativeTarget section */
		92893E51266BD961000CED03 /* MoneyApp */ = {
			isa = PBXNativeTarget;
			buildConfigurationList = 92893E7C266BD963000CED03 /* Build configuration list for PBXNativeTarget "MoneyApp" */;
			buildPhases = (
				92893E4E266BD961000CED03 /* Sources */,
				92893E4F266BD961000CED03 /* Frameworks */,
				92893E50266BD961000CED03 /* Resources */,
			);
			buildRules = (
			);
			dependencies = (
			);
			name = MoneyApp;
			productName = MoneyApp;
			productReference = 92893E52266BD961000CED03 /* MoneyApp.app */;
			productType = "com.apple.product-type.application";
		};
		92893E67266BD963000CED03 /* MoneyAppTests */ = {
			isa = PBXNativeTarget;
			buildConfigurationList = 92893E7F266BD963000CED03 /* Build configuration list for PBXNativeTarget "MoneyAppTests" */;
			buildPhases = (
				92893E64266BD963000CED03 /* Sources */,
				92893E65266BD963000CED03 /* Frameworks */,
				92893E66266BD963000CED03 /* Resources */,
			);
			buildRules = (
			);
			dependencies = (
				92893E6A266BD963000CED03 /* PBXTargetDependency */,
			);
			name = MoneyAppTests;
			productName = MoneyAppTests;
			productReference = 92893E68266BD963000CED03 /* MoneyAppTests.xctest */;
			productType = "com.apple.product-type.bundle.unit-test";
		};
		92893E72266BD963000CED03 /* MoneyAppUITests */ = {
			isa = PBXNativeTarget;
			buildConfigurationList = 92893E82266BD963000CED03 /* Build configuration list for PBXNativeTarget "MoneyAppUITests" */;
			buildPhases = (
				92893E6F266BD963000CED03 /* Sources */,
				92893E70266BD963000CED03 /* Frameworks */,
				92893E71266BD963000CED03 /* Resources */,
			);
			buildRules = (
			);
			dependencies = (
				92893E75266BD963000CED03 /* PBXTargetDependency */,
			);
			name = MoneyAppUITests;
			productName = MoneyAppUITests;
			productReference = 92893E73266BD963000CED03 /* MoneyAppUITests.xctest */;
			productType = "com.apple.product-type.bundle.ui-testing";
		};
/* End PBXNativeTarget section */

/* Begin PBXProject section */
		92893E4A266BD961000CED03 /* Project object */ = {
			isa = PBXProject;
			attributes = {
				LastSwiftUpdateCheck = 1250;
				LastUpgradeCheck = 1250;
				TargetAttributes = {
					92893E51266BD961000CED03 = {
						CreatedOnToolsVersion = 12.5;
					};
					92893E67266BD963000CED03 = {
						CreatedOnToolsVersion = 12.5;
						TestTargetID = 92893E51266BD961000CED03;
					};
					92893E72266BD963000CED03 = {
						CreatedOnToolsVersion = 12.5;
						TestTargetID = 92893E51266BD961000CED03;
					};
				};
			};
			buildConfigurationList = 92893E4D266BD961000CED03 /* Build configuration list for PBXProject "MoneyApp" */;
			compatibilityVersion = "Xcode 9.3";
			developmentRegion = en;
			hasScannedForEncodings = 0;
			knownRegions = (
				en,
				Base,
			);
			mainGroup = 92893E49266BD961000CED03;
			productRefGroup = 92893E53266BD961000CED03 /* Products */;
			projectDirPath = "";
			projectRoot = "";
			targets = (
				92893E51266BD961000CED03 /* MoneyApp */,
				92893E67266BD963000CED03 /* MoneyAppTests */,
				92893E72266BD963000CED03 /* MoneyAppUITests */,
			);
		};
/* End PBXProject section */

/* Begin PBXResourcesBuildPhase section */
		92893E50266BD961000CED03 /* Resources */ = {
			isa = PBXResourcesBuildPhase;
			buildActionMask = 2147483647;
			files = (
				92893E62266BD963000CED03 /* LaunchScreen.storyboard in Resources */,
				92893E5F266BD963000CED03 /* Assets.xcassets in Resources */,
				92893E5D266BD961000CED03 /* Main.storyboard in Resources */,
			);
			runOnlyForDeploymentPostprocessing = 0;
		};
		92893E66266BD963000CED03 /* Resources */ = {
			isa = PBXResourcesBuildPhase;
			buildActionMask = 2147483647;
			files = (
			);
			runOnlyForDeploymentPostprocessing = 0;
		};
		92893E71266BD963000CED03 /* Resources */ = {
			isa = PBXResourcesBuildPhase;
			buildActionMask = 2147483647;
			files = (
			);
			runOnlyForDeploymentPostprocessing = 0;
		};
/* End PBXResourcesBuildPhase section */

/* Begin PBXSourcesBuildPhase section */
		92893E4E266BD961000CED03 /* Sources */ = {
			isa = PBXSourcesBuildPhase;
			buildActionMask = 2147483647;
			files = (
				92893E5A266BD961000CED03 /* ViewController.swift in Sources */,
				92893E86266BDD28000CED03 /* Config.swift in Sources */,
				92893E56266BD961000CED03 /* AppDelegate.swift in Sources */,
				92893E58266BD961000CED03 /* SceneDelegate.swift in Sources */,
			);
			runOnlyForDeploymentPostprocessing = 0;
		};
		92893E64266BD963000CED03 /* Sources */ = {
			isa = PBXSourcesBuildPhase;
			buildActionMask = 2147483647;
			files = (
				92893E6D266BD963000CED03 /* MoneyAppTests.swift in Sources */,
			);
			runOnlyForDeploymentPostprocessing = 0;
		};
		92893E6F266BD963000CED03 /* Sources */ = {
			isa = PBXSourcesBuildPhase;
			buildActionMask = 2147483647;
			files = (
				92893E78266BD963000CED03 /* MoneyAppUITests.swift in Sources */,
			);
			runOnlyForDeploymentPostprocessing = 0;
		};
/* End PBXSourcesBuildPhase section */

/* Begin PBXTargetDependency section */
		92893E6A266BD963000CED03 /* PBXTargetDependency */ = {
			isa = PBXTargetDependency;
			target = 92893E51266BD961000CED03 /* MoneyApp */;
			targetProxy = 92893E69266BD963000CED03 /* PBXContainerItemProxy */;
		};
		92893E75266BD963000CED03 /* PBXTargetDependency */ = {
			isa = PBXTargetDependency;
			target = 92893E51266BD961000CED03 /* MoneyApp */;
			targetProxy = 92893E74266BD963000CED03 /* PBXContainerItemProxy */;
		};
/* End PBXTargetDependency section */

/* Begin PBXVariantGroup section */
		92893E5B266BD961000CED03 /* Main.storyboard */ = {
			isa = PBXVariantGroup;
			children = (
				92893E5C266BD961000CED03 /* Base */,
			);
			name = Main.storyboard;
			sourceTree = "<group>";
		};
		92893E60266BD963000CED03 /* LaunchScreen.storyboard */ = {
			isa = PBXVariantGroup;
			children = (
				92893E61266BD963000CED03 /* Base */,
			);
			name = LaunchScreen.storyboard;
			sourceTree = "<group>";
		};
/* End PBXVariantGroup section */

/* Begin XCBuildConfiguration section */
		92893E7A266BD963000CED03 /* Debug */ = {
			isa = XCBuildConfiguration;
			buildSettings = {
				ALWAYS_SEARCH_USER_PATHS = NO;
				CLANG_ANALYZER_NONNULL = YES;
				CLANG_ANALYZER_NUMBER_OBJECT_CONVERSION = YES_AGGRESSIVE;
				CLANG_CXX_LANGUAGE_STANDARD = "gnu++14";
				CLANG_CXX_LIBRARY = "libc++";
				CLANG_ENABLE_MODULES = YES;
				CLANG_ENABLE_OBJC_ARC = YES;
				CLANG_ENABLE_OBJC_WEAK = YES;
				CLANG_WARN_BLOCK_CAPTURE_AUTORELEASING = YES;
				CLANG_WARN_BOOL_CONVERSION = YES;
				CLANG_WARN_COMMA = YES;
				CLANG_WARN_CONSTANT_CONVERSION = YES;
				CLANG_WARN_DEPRECATED_OBJC_IMPLEMENTATIONS = YES;
				CLANG_WARN_DIRECT_OBJC_ISA_USAGE = YES_ERROR;
				CLANG_WARN_DOCUMENTATION_COMMENTS = YES;
				CLANG_WARN_EMPTY_BODY = YES;
				CLANG_WARN_ENUM_CONVERSION = YES;
				CLANG_WARN_INFINITE_RECURSION = YES;
				CLANG_WARN_INT_CONVERSION = YES;
				CLANG_WARN_NON_LITERAL_NULL_CONVERSION = YES;
				CLANG_WARN_OBJC_IMPLICIT_RETAIN_SELF = YES;
				CLANG_WARN_OBJC_LITERAL_CONVERSION = YES;
				CLANG_WARN_OBJC_ROOT_CLASS = YES_ERROR;
				CLANG_WARN_QUOTED_INCLUDE_IN_FRAMEWORK_HEADER = YES;
				CLANG_WARN_RANGE_LOOP_ANALYSIS = YES;
				CLANG_WARN_STRICT_PROTOTYPES = YES;
				CLANG_WARN_SUSPICIOUS_MOVE = YES;
				CLANG_WARN_UNGUARDED_AVAILABILITY = YES_AGGRESSIVE;
				CLANG_WARN_UNREACHABLE_CODE = YES;
				CLANG_WARN__DUPLICATE_METHOD_MATCH = YES;
				COPY_PHASE_STRIP = NO;
				DEBUG_INFORMATION_FORMAT = dwarf;
				ENABLE_STRICT_OBJC_MSGSEND = YES;
				ENABLE_TESTABILITY = YES;
				GCC_C_LANGUAGE_STANDARD = gnu11;
				GCC_DYNAMIC_NO_PIC = NO;
				GCC_NO_COMMON_BLOCKS = YES;
				GCC_OPTIMIZATION_LEVEL = 0;
				GCC_PREPROCESSOR_DEFINITIONS = (
					"DEBUG=1",
					"$(inherited)",
				);
				GCC_WARN_64_TO_32_BIT_CONVERSION = YES;
				GCC_WARN_ABOUT_RETURN_TYPE = YES_ERROR;
				GCC_WARN_UNDECLARED_SELECTOR = YES;
				GCC_WARN_UNINITIALIZED_AUTOS = YES_AGGRESSIVE;
				GCC_WARN_UNUSED_FUNCTION = YES;
				GCC_WARN_UNUSED_VARIABLE = YES;
				IPHONEOS_DEPLOYMENT_TARGET = 14.5;
				MTL_ENABLE_DEBUG_INFO = INCLUDE_SOURCE;
				MTL_FAST_MATH = YES;
				ONLY_ACTIVE_ARCH = YES;
				SDKROOT = iphoneos;
				SWIFT_ACTIVE_COMPILATION_CONDITIONS = DEBUG;
				SWIFT_OPTIMIZATION_LEVEL = "-Onone";
			};
			name = Debug;
		};
		92893E7B266BD963000CED03 /* Release */ = {
			isa = XCBuildConfiguration;
			buildSettings = {
				ALWAYS_SEARCH_USER_PATHS = NO;
				CLANG_ANALYZER_NONNULL = YES;
				CLANG_ANALYZER_NUMBER_OBJECT_CONVERSION = YES_AGGRESSIVE;
				CLANG_CXX_LANGUAGE_STANDARD = "gnu++14";
				CLANG_CXX_LIBRARY = "libc++";
				CLANG_ENABLE_MODULES = YES;
				CLANG_ENABLE_OBJC_ARC = YES;
				CLANG_ENABLE_OBJC_WEAK = YES;
				CLANG_WARN_BLOCK_CAPTURE_AUTORELEASING = YES;
				CLANG_WARN_BOOL_CONVERSION = YES;
				CLANG_WARN_COMMA = YES;
				CLANG_WARN_CONSTANT_CONVERSION = YES;
				CLANG_WARN_DEPRECATED_OBJC_IMPLEMENTATIONS = YES;
				CLANG_WARN_DIRECT_OBJC_ISA_USAGE = YES_ERROR;
				CLANG_WARN_DOCUMENTATION_COMMENTS = YES;
				CLANG_WARN_EMPTY_BODY = YES;
				CLANG_WARN_ENUM_CONVERSION = YES;
				CLANG_WARN_INFINITE_RECURSION = YES;
				CLANG_WARN_INT_CONVERSION = YES;
				CLANG_WARN_NON_LITERAL_NULL_CONVERSION = YES;
				CLANG_WARN_OBJC_IMPLICIT_RETAIN_SELF = YES;
				CLANG_WARN_OBJC_LITERAL_CONVERSION = YES;
				CLANG_WARN_OBJC_ROOT_CLASS = YES_ERROR;
				CLANG_WARN_QUOTED_INCLUDE_IN_FRAMEWORK_HEADER = YES;
				CLANG_WARN_RANGE_LOOP_ANALYSIS = YES;
				CLANG_WARN_STRICT_PROTOTYPES = YES;
				CLANG_WARN_SUSPICIOUS_MOVE = YES;
				CLANG_WARN_UNGUARDED_AVAILABILITY = YES_AGGRESSIVE;
				CLANG_WARN_UNREACHABLE_CODE = YES;
				CLANG_WARN__DUPLICATE_METHOD_MATCH = YES;
				COPY_PHASE_STRIP = NO;
				DEBUG_INFORMATION_FORMAT = "dwarf-with-dsym";
				ENABLE_NS_ASSERTIONS = NO;
				ENABLE_STRICT_OBJC_MSGSEND = YES;
				GCC_C_LANGUAGE_STANDARD = gnu11;
				GCC_NO_COMMON_BLOCKS = YES;
				GCC_WARN_64_TO_32_BIT_CONVERSION = YES;
				GCC_WARN_ABOUT_RETURN_TYPE = YES_ERROR;
				GCC_WARN_UNDECLARED_SELECTOR = YES;
				GCC_WARN_UNINITIALIZED_AUTOS = YES_AGGRESSIVE;
				GCC_WARN_UNUSED_FUNCTION = YES;
				GCC_WARN_UNUSED_VARIABLE = YES;
				IPHONEOS_DEPLOYMENT_TARGET = 14.5;
				MTL_ENABLE_DEBUG_INFO = NO;
				MTL_FAST_MATH = YES;
				SDKROOT = iphoneos;
				SWIFT_COMPILATION_MODE = wholemodule;
				SWIFT_OPTIMIZATION_LEVEL = "-O";
				VALIDATE_PRODUCT = YES;
			};
			name = Release;
		};
		92893E7D266BD963000CED03 /* Debug */ = {
			isa = XCBuildConfiguration;
			buildSettings = {
				ASSETCATALOG_COMPILER_APPICON_NAME = AppIcon;
				ASSETCATALOG_COMPILER_GLOBAL_ACCENT_COLOR_NAME = AccentColor;
				CODE_SIGN_IDENTITY = "Apple Development";
				CODE_SIGN_STYLE = Automatic;
				DEVELOPMENT_TEAM = 3BYPA4W3AF;
				INFOPLIST_FILE = MoneyApp/Info.plist;
				LD_RUNPATH_SEARCH_PATHS = (
					"$(inherited)",
					"@executable_path/Frameworks",
				);
				PRODUCT_BUNDLE_IDENTIFIER = com.NQProject.MoneyApp;
				PRODUCT_NAME = "$(TARGET_NAME)";
				PROVISIONING_PROFILE_SPECIFIER = "";
				SWIFT_VERSION = 5.0;
				TARGETED_DEVICE_FAMILY = "1,2";
			};
			name = Debug;
		};
		92893E7E266BD963000CED03 /* Release */ = {
			isa = XCBuildConfiguration;
			buildSettings = {
				ASSETCATALOG_COMPILER_APPICON_NAME = AppIcon;
				ASSETCATALOG_COMPILER_GLOBAL_ACCENT_COLOR_NAME = AccentColor;
				CODE_SIGN_IDENTITY = "Apple Development";
				CODE_SIGN_STYLE = Automatic;
				DEVELOPMENT_TEAM = 3BYPA4W3AF;
				INFOPLIST_FILE = MoneyApp/Info.plist;
				LD_RUNPATH_SEARCH_PATHS = (
					"$(inherited)",
					"@executable_path/Frameworks",
				);
				PRODUCT_BUNDLE_IDENTIFIER = com.NQProject.MoneyApp;
				PRODUCT_NAME = "$(TARGET_NAME)";
				PROVISIONING_PROFILE_SPECIFIER = "";
				SWIFT_VERSION = 5.0;
				TARGETED_DEVICE_FAMILY = "1,2";
			};
			name = Release;
		};
		92893E80266BD963000CED03 /* Debug */ = {
			isa = XCBuildConfiguration;
			buildSettings = {
				ALWAYS_EMBED_SWIFT_STANDARD_LIBRARIES = YES;
				BUNDLE_LOADER = "$(TEST_HOST)";
				CODE_SIGN_STYLE = Automatic;
				DEVELOPMENT_TEAM = R69482HBMQ;
				INFOPLIST_FILE = MoneyAppTests/Info.plist;
				IPHONEOS_DEPLOYMENT_TARGET = 14.5;
				LD_RUNPATH_SEARCH_PATHS = (
					"$(inherited)",
					"@executable_path/Frameworks",
					"@loader_path/Frameworks",
				);
				PRODUCT_BUNDLE_IDENTIFIER = com.NQProject.MoneyAppTests;
				PRODUCT_NAME = "$(TARGET_NAME)";
				SWIFT_VERSION = 5.0;
				TARGETED_DEVICE_FAMILY = "1,2";
				TEST_HOST = "$(BUILT_PRODUCTS_DIR)/MoneyApp.app/MoneyApp";
			};
			name = Debug;
		};
		92893E81266BD963000CED03 /* Release */ = {
			isa = XCBuildConfiguration;
			buildSettings = {
				ALWAYS_EMBED_SWIFT_STANDARD_LIBRARIES = YES;
				BUNDLE_LOADER = "$(TEST_HOST)";
				CODE_SIGN_STYLE = Automatic;
				DEVELOPMENT_TEAM = R69482HBMQ;
				INFOPLIST_FILE = MoneyAppTests/Info.plist;
				IPHONEOS_DEPLOYMENT_TARGET = 14.5;
				LD_RUNPATH_SEARCH_PATHS = (
					"$(inherited)",
					"@executable_path/Frameworks",
					"@loader_path/Frameworks",
				);
				PRODUCT_BUNDLE_IDENTIFIER = com.NQProject.MoneyAppTests;
				PRODUCT_NAME = "$(TARGET_NAME)";
				SWIFT_VERSION = 5.0;
				TARGETED_DEVICE_FAMILY = "1,2";
				TEST_HOST = "$(BUILT_PRODUCTS_DIR)/MoneyApp.app/MoneyApp";
			};
			name = Release;
		};
		92893E83266BD963000CED03 /* Debug */ = {
			isa = XCBuildConfiguration;
			buildSettings = {
				ALWAYS_EMBED_SWIFT_STANDARD_LIBRARIES = YES;
				CODE_SIGN_STYLE = Automatic;
				DEVELOPMENT_TEAM = R69482HBMQ;
				INFOPLIST_FILE = MoneyAppUITests/Info.plist;
				LD_RUNPATH_SEARCH_PATHS = (
					"$(inherited)",
					"@executable_path/Frameworks",
					"@loader_path/Frameworks",
				);
				PRODUCT_BUNDLE_IDENTIFIER = com.NQProject.MoneyAppUITests;
				PRODUCT_NAME = "$(TARGET_NAME)";
				SWIFT_VERSION = 5.0;
				TARGETED_DEVICE_FAMILY = "1,2";
				TEST_TARGET_NAME = MoneyApp;
			};
			name = Debug;
		};
		92893E84266BD963000CED03 /* Release */ = {
			isa = XCBuildConfiguration;
			buildSettings = {
				ALWAYS_EMBED_SWIFT_STANDARD_LIBRARIES = YES;
				CODE_SIGN_STYLE = Automatic;
				DEVELOPMENT_TEAM = R69482HBMQ;
				INFOPLIST_FILE = MoneyAppUITests/Info.plist;
				LD_RUNPATH_SEARCH_PATHS = (
					"$(inherited)",
					"@executable_path/Frameworks",
					"@loader_path/Frameworks",
				);
				PRODUCT_BUNDLE_IDENTIFIER = com.NQProject.MoneyAppUITests;
				PRODUCT_NAME = "$(TARGET_NAME)";
				SWIFT_VERSION = 5.0;
				TARGETED_DEVICE_FAMILY = "1,2";
				TEST_TARGET_NAME = MoneyApp;
			};
			name = Release;
		};
/* End XCBuildConfiguration section */

/* Begin XCConfigurationList section */
		92893E4D266BD961000CED03 /* Build configuration list for PBXProject "MoneyApp" */ = {
			isa = XCConfigurationList;
			buildConfigurations = (
				92893E7A266BD963000CED03 /* Debug */,
				92893E7B266BD963000CED03 /* Release */,
			);
			defaultConfigurationIsVisible = 0;
			defaultConfigurationName = Release;
		};
		92893E7C266BD963000CED03 /* Build configuration list for PBXNativeTarget "MoneyApp" */ = {
			isa = XCConfigurationList;
			buildConfigurations = (
				92893E7D266BD963000CED03 /* Debug */,
				92893E7E266BD963000CED03 /* Release */,
			);
			defaultConfigurationIsVisible = 0;
			defaultConfigurationName = Release;
		};
		92893E7F266BD963000CED03 /* Build configuration list for PBXNativeTarget "MoneyAppTests" */ = {
			isa = XCConfigurationList;
			buildConfigurations = (
				92893E80266BD963000CED03 /* Debug */,
				92893E81266BD963000CED03 /* Release */,
			);
			defaultConfigurationIsVisible = 0;
			defaultConfigurationName = Release;
		};
		92893E82266BD963000CED03 /* Build configuration list for PBXNativeTarget "MoneyAppUITests" */ = {
			isa = XCConfigurationList;
			buildConfigurations = (
				92893E83266BD963000CED03 /* Debug */,
				92893E84266BD963000CED03 /* Release */,
			);
			defaultConfigurationIsVisible = 0;
			defaultConfigurationName = Release;
		};
/* End XCConfigurationList section */
	};
	rootObject = 92893E4A266BD961000CED03 /* Project object */;
}
