// !$*UTF8*$!
{
	archiveVersion = 1;
	classes = {
	};
	objectVersion = 51;
	objects = {

/* Begin PBXBuildFile section */
		23D4B68BAD98D21F125534E6 /* Pods_MoneyAppTests.framework in Frameworks */ = {isa = PBXBuildFile; fileRef = ECC44239D85A7FEEA15048C6 /* Pods_MoneyAppTests.framework */; };
		4D6342C726DEC90A0065209B /* RegisterViewController.swift in Sources */ = {isa = PBXBuildFile; fileRef = 4D6342C626DEC90A0065209B /* RegisterViewController.swift */; };
		4D6342C926DEC9240065209B /* RegisterView.storyboard in Resources */ = {isa = PBXBuildFile; fileRef = 4D6342C826DEC9240065209B /* RegisterView.storyboard */; };
		4DDEBC1526E3BB19000894B6 /* TextField.swift in Sources */ = {isa = PBXBuildFile; fileRef = 4DDEBC1426E3BB19000894B6 /* TextField.swift */; };
		4DDEBC1726E3C327000894B6 /* Button.swift in Sources */ = {isa = PBXBuildFile; fileRef = 4DDEBC1626E3C327000894B6 /* Button.swift */; };
		4DDEBC1926E3C601000894B6 /* TextWithButton.swift in Sources */ = {isa = PBXBuildFile; fileRef = 4DDEBC1826E3C601000894B6 /* TextWithButton.swift */; };
		4DDEBC1B26E3CE24000894B6 /* RegisterResponse.swift in Sources */ = {isa = PBXBuildFile; fileRef = 4DDEBC1A26E3CE24000894B6 /* RegisterResponse.swift */; };
		70DFAD49855C64FAE178143B /* Pods_MoneyApp_MoneyAppUITests.framework in Frameworks */ = {isa = PBXBuildFile; fileRef = 28BE08076C189D8CC6C663A5 /* Pods_MoneyApp_MoneyAppUITests.framework */; };
		92893E56266BD961000CED03 /* AppDelegate.swift in Sources */ = {isa = PBXBuildFile; fileRef = 92893E55266BD961000CED03 /* AppDelegate.swift */; };
		92893E58266BD961000CED03 /* SceneDelegate.swift in Sources */ = {isa = PBXBuildFile; fileRef = 92893E57266BD961000CED03 /* SceneDelegate.swift */; };
		92893E5A266BD961000CED03 /* GroupListViewController.swift in Sources */ = {isa = PBXBuildFile; fileRef = 92893E59266BD961000CED03 /* GroupListViewController.swift */; };
		92893E5D266BD961000CED03 /* Main.storyboard in Resources */ = {isa = PBXBuildFile; fileRef = 92893E5B266BD961000CED03 /* Main.storyboard */; };
		92893E5F266BD963000CED03 /* Assets.xcassets in Resources */ = {isa = PBXBuildFile; fileRef = 92893E5E266BD963000CED03 /* Assets.xcassets */; };
		92893E62266BD963000CED03 /* LaunchScreen.storyboard in Resources */ = {isa = PBXBuildFile; fileRef = 92893E60266BD963000CED03 /* LaunchScreen.storyboard */; };
		92893E6D266BD963000CED03 /* MoneyAppTests.swift in Sources */ = {isa = PBXBuildFile; fileRef = 92893E6C266BD963000CED03 /* MoneyAppTests.swift */; };
		92893E78266BD963000CED03 /* MoneyAppUITests.swift in Sources */ = {isa = PBXBuildFile; fileRef = 92893E77266BD963000CED03 /* MoneyAppUITests.swift */; };
		92893E86266BDD28000CED03 /* Config.swift in Sources */ = {isa = PBXBuildFile; fileRef = 92893E85266BDD28000CED03 /* Config.swift */; };
		92BCE42626E3CC9B00E4E929 /* JoinResponse.swift in Sources */ = {isa = PBXBuildFile; fileRef = 92BCE42526E3CC9B00E4E929 /* JoinResponse.swift */; };
		92BCE42926E3D65F00E4E929 /* AddGroupViewController.swift in Sources */ = {isa = PBXBuildFile; fileRef = 92BCE42826E3D65F00E4E929 /* AddGroupViewController.swift */; };
		92BCE42B26E3D67400E4E929 /* AddGroupService.swift in Sources */ = {isa = PBXBuildFile; fileRef = 92BCE42A26E3D67400E4E929 /* AddGroupService.swift */; };
		92BCE42D26E3D69F00E4E929 /* AddGroupView.storyboard in Resources */ = {isa = PBXBuildFile; fileRef = 92BCE42C26E3D69F00E4E929 /* AddGroupView.storyboard */; };
		92BCE43226E4F56E00E4E929 /* Date+Extensions.swift in Sources */ = {isa = PBXBuildFile; fileRef = 92BCE43126E4F56E00E4E929 /* Date+Extensions.swift */; };
		92BCE43426E4F9AE00E4E929 /* UIImageView+Extensions.swift in Sources */ = {isa = PBXBuildFile; fileRef = 92BCE43326E4F9AE00E4E929 /* UIImageView+Extensions.swift */; };
		92BCE43726E50B8A00E4E929 /* ProfileViewController.swift in Sources */ = {isa = PBXBuildFile; fileRef = 92BCE43626E50B8A00E4E929 /* ProfileViewController.swift */; };
		92BCE43926E50C5100E4E929 /* ProfileView.storyboard in Resources */ = {isa = PBXBuildFile; fileRef = 92BCE43826E50C5100E4E929 /* ProfileView.storyboard */; };
		92BCE43B26E50EC200E4E929 /* ProfileService.swift in Sources */ = {isa = PBXBuildFile; fileRef = 92BCE43A26E50EC200E4E929 /* ProfileService.swift */; };
		92BCE43F26E520D100E4E929 /* PrimaryButton.swift in Sources */ = {isa = PBXBuildFile; fileRef = 92BCE43E26E520D100E4E929 /* PrimaryButton.swift */; };
		92BCE44226E545FE00E4E929 /* AboutViewController.swift in Sources */ = {isa = PBXBuildFile; fileRef = 92BCE44126E545FE00E4E929 /* AboutViewController.swift */; };
		92BCE44426E5460900E4E929 /* AboutView.storyboard in Resources */ = {isa = PBXBuildFile; fileRef = 92BCE44326E5460900E4E929 /* AboutView.storyboard */; };
		92BCE44626E550EC00E4E929 /* ShrinkView.swift in Sources */ = {isa = PBXBuildFile; fileRef = 92BCE44526E550EC00E4E929 /* ShrinkView.swift */; };
		92E4567A26CED5790024F598 /* UserDefaultsKeys.swift in Sources */ = {isa = PBXBuildFile; fileRef = 92E4567926CED5790024F598 /* UserDefaultsKeys.swift */; };
		92E4567C26CED67F0024F598 /* Authentication.swift in Sources */ = {isa = PBXBuildFile; fileRef = 92E4567B26CED67F0024F598 /* Authentication.swift */; };
		92E4568126CED7F40024F598 /* LoginViewController.swift in Sources */ = {isa = PBXBuildFile; fileRef = 92E4568026CED7F40024F598 /* LoginViewController.swift */; };
		92E4568326CED8220024F598 /* LoginView.storyboard in Resources */ = {isa = PBXBuildFile; fileRef = 92E4568226CED8220024F598 /* LoginView.storyboard */; };
		92E4568526CEE4A90024F598 /* Toast.swift in Sources */ = {isa = PBXBuildFile; fileRef = 92E4568426CEE4A90024F598 /* Toast.swift */; };
		92E4568826CEE6520024F598 /* MoneyAppClient.swift in Sources */ = {isa = PBXBuildFile; fileRef = 92E4568726CEE6520024F598 /* MoneyAppClient.swift */; };
		92E4568B26CEE81F0024F598 /* UserRepository.swift in Sources */ = {isa = PBXBuildFile; fileRef = 92E4568A26CEE81F0024F598 /* UserRepository.swift */; };
		92E4568E26CEE9700024F598 /* LoginResponse.swift in Sources */ = {isa = PBXBuildFile; fileRef = 92E4568D26CEE9700024F598 /* LoginResponse.swift */; };
		92E4569026CEE9C60024F598 /* LoginService.swift in Sources */ = {isa = PBXBuildFile; fileRef = 92E4568F26CEE9C60024F598 /* LoginService.swift */; };
		92E4569226CEED5C0024F598 /* Brand.swift in Sources */ = {isa = PBXBuildFile; fileRef = 92E4569126CEED5C0024F598 /* Brand.swift */; };
		92E4569626D0E9160024F598 /* GroupListView.storyboard in Resources */ = {isa = PBXBuildFile; fileRef = 92E4569526D0E9160024F598 /* GroupListView.storyboard */; };
		92E4569826D0F7440024F598 /* ScrollView.swift in Sources */ = {isa = PBXBuildFile; fileRef = 92E4569726D0F7440024F598 /* ScrollView.swift */; };
		92E4569A26D0F87F0024F598 /* Group.swift in Sources */ = {isa = PBXBuildFile; fileRef = 92E4569926D0F87F0024F598 /* Group.swift */; };
		92E4569C26D0F8AE0024F598 /* GroupComponentView.swift in Sources */ = {isa = PBXBuildFile; fileRef = 92E4569B26D0F8AE0024F598 /* GroupComponentView.swift */; };
		92E456A026D0F9BA0024F598 /* Mock.swift in Sources */ = {isa = PBXBuildFile; fileRef = 92E4569F26D0F9BA0024F598 /* Mock.swift */; };
		92E456A226D1057A0024F598 /* GroupRepository.swift in Sources */ = {isa = PBXBuildFile; fileRef = 92E456A126D1057A0024F598 /* GroupRepository.swift */; };
		92E456A426D107050024F598 /* GroupResponse.swift in Sources */ = {isa = PBXBuildFile; fileRef = 92E456A326D107050024F598 /* GroupResponse.swift */; };
		92E456A626D108100024F598 /* GroupListService.swift in Sources */ = {isa = PBXBuildFile; fileRef = 92E456A526D108100024F598 /* GroupListService.swift */; };
		92FEA6F126A5E5D0008BFAA3 /* TableViewController.swift in Sources */ = {isa = PBXBuildFile; fileRef = 92FEA6F026A5E5D0008BFAA3 /* TableViewController.swift */; };
		92FEA6F626A5E604008BFAA3 /* TableView.storyboard in Resources */ = {isa = PBXBuildFile; fileRef = 92FEA6F526A5E604008BFAA3 /* TableView.storyboard */; };
		92FEA6F826A5E60F008BFAA3 /* ScrollView.storyboard in Resources */ = {isa = PBXBuildFile; fileRef = 92FEA6F726A5E60F008BFAA3 /* ScrollView.storyboard */; };
		92FEA6FA26A5E61B008BFAA3 /* ScrollViewController.swift in Sources */ = {isa = PBXBuildFile; fileRef = 92FEA6F926A5E61B008BFAA3 /* ScrollViewController.swift */; };
		92FEA6FC26A5E625008BFAA3 /* ControlViewController.swift in Sources */ = {isa = PBXBuildFile; fileRef = 92FEA6FB26A5E625008BFAA3 /* ControlViewController.swift */; };
		92FEA6FE26A5E62F008BFAA3 /* ControlView.storyboard in Resources */ = {isa = PBXBuildFile; fileRef = 92FEA6FD26A5E62F008BFAA3 /* ControlView.storyboard */; };
		92FEA70226A5E856008BFAA3 /* UIViewController+Extensions.swift in Sources */ = {isa = PBXBuildFile; fileRef = 92FEA70126A5E856008BFAA3 /* UIViewController+Extensions.swift */; };
		92FEA70426A5ED27008BFAA3 /* TableViewCell.swift in Sources */ = {isa = PBXBuildFile; fileRef = 92FEA70326A5ED27008BFAA3 /* TableViewCell.swift */; };
		BCE3808BC330E79B1DFBC30E /* Pods_MoneyApp.framework in Frameworks */ = {isa = PBXBuildFile; fileRef = 4C28A05241A1E507FDC84C2A /* Pods_MoneyApp.framework */; };
		E30CABB026E3CC0D00285E34 /* GroupUsersListComponentView.swift in Sources */ = {isa = PBXBuildFile; fileRef = E30CABAF26E3CC0D00285E34 /* GroupUsersListComponentView.swift */; };
		E37AF72526E3CF7300BD5C0B /* GroupBalanceComponentView.swift in Sources */ = {isa = PBXBuildFile; fileRef = E37AF72426E3CF7300BD5C0B /* GroupBalanceComponentView.swift */; };
		E37AF72726E3DB5A00BD5C0B /* User.swift in Sources */ = {isa = PBXBuildFile; fileRef = E37AF72626E3DB5A00BD5C0B /* User.swift */; };
		E39B036226E3952C00EFE780 /* GroupDetailsViewController.swift in Sources */ = {isa = PBXBuildFile; fileRef = E39B036126E3952C00EFE780 /* GroupDetailsViewController.swift */; };
		E3DE737026E4F49000D9C9D3 /* GroupUsersResponse.swift in Sources */ = {isa = PBXBuildFile; fileRef = E3DE736F26E4F49000D9C9D3 /* GroupUsersResponse.swift */; };
		E3DE737226E50A8600D9C9D3 /* UserResponse.swift in Sources */ = {isa = PBXBuildFile; fileRef = E3DE737126E50A8600D9C9D3 /* UserResponse.swift */; };
		E3F1EEED26E3A78A00C6814B /* GroupDetailsView.storyboard in Resources */ = {isa = PBXBuildFile; fileRef = E3F1EEEC26E3A78A00C6814B /* GroupDetailsView.storyboard */; };
		E3F1EEEF26E3BA2300C6814B /* GroupValuesComponentView.swift in Sources */ = {isa = PBXBuildFile; fileRef = E3F1EEEE26E3BA2300C6814B /* GroupValuesComponentView.swift */; };
/* End PBXBuildFile section */

/* Begin PBXContainerItemProxy section */
		92893E69266BD963000CED03 /* PBXContainerItemProxy */ = {
			isa = PBXContainerItemProxy;
			containerPortal = 92893E4A266BD961000CED03 /* Project object */;
			proxyType = 1;
			remoteGlobalIDString = 92893E51266BD961000CED03;
			remoteInfo = MoneyApp;
		};
		92893E74266BD963000CED03 /* PBXContainerItemProxy */ = {
			isa = PBXContainerItemProxy;
			containerPortal = 92893E4A266BD961000CED03 /* Project object */;
			proxyType = 1;
			remoteGlobalIDString = 92893E51266BD961000CED03;
			remoteInfo = MoneyApp;
		};
/* End PBXContainerItemProxy section */

/* Begin PBXFileReference section */
		28BE08076C189D8CC6C663A5 /* Pods_MoneyApp_MoneyAppUITests.framework */ = {isa = PBXFileReference; explicitFileType = wrapper.framework; includeInIndex = 0; path = Pods_MoneyApp_MoneyAppUITests.framework; sourceTree = BUILT_PRODUCTS_DIR; };
		4C28A05241A1E507FDC84C2A /* Pods_MoneyApp.framework */ = {isa = PBXFileReference; explicitFileType = wrapper.framework; includeInIndex = 0; path = Pods_MoneyApp.framework; sourceTree = BUILT_PRODUCTS_DIR; };
		4D6342C626DEC90A0065209B /* RegisterViewController.swift */ = {isa = PBXFileReference; lastKnownFileType = sourcecode.swift; path = RegisterViewController.swift; sourceTree = "<group>"; };
		4D6342C826DEC9240065209B /* RegisterView.storyboard */ = {isa = PBXFileReference; lastKnownFileType = file.storyboard; path = RegisterView.storyboard; sourceTree = "<group>"; };
		4DDEBC1426E3BB19000894B6 /* TextField.swift */ = {isa = PBXFileReference; lastKnownFileType = sourcecode.swift; path = TextField.swift; sourceTree = "<group>"; };
		4DDEBC1626E3C327000894B6 /* Button.swift */ = {isa = PBXFileReference; lastKnownFileType = sourcecode.swift; path = Button.swift; sourceTree = "<group>"; };
		4DDEBC1826E3C601000894B6 /* TextWithButton.swift */ = {isa = PBXFileReference; lastKnownFileType = sourcecode.swift; path = TextWithButton.swift; sourceTree = "<group>"; };
		4DDEBC1A26E3CE24000894B6 /* RegisterResponse.swift */ = {isa = PBXFileReference; lastKnownFileType = sourcecode.swift; path = RegisterResponse.swift; sourceTree = "<group>"; };
		6D848F9CDA51F8C248338DD7 /* Pods-MoneyApp-MoneyAppUITests.release.xcconfig */ = {isa = PBXFileReference; includeInIndex = 1; lastKnownFileType = text.xcconfig; name = "Pods-MoneyApp-MoneyAppUITests.release.xcconfig"; path = "Target Support Files/Pods-MoneyApp-MoneyAppUITests/Pods-MoneyApp-MoneyAppUITests.release.xcconfig"; sourceTree = "<group>"; };
		81DE3A7461FB20B90373FFF4 /* Pods-MoneyAppTests.release.xcconfig */ = {isa = PBXFileReference; includeInIndex = 1; lastKnownFileType = text.xcconfig; name = "Pods-MoneyAppTests.release.xcconfig"; path = "Target Support Files/Pods-MoneyAppTests/Pods-MoneyAppTests.release.xcconfig"; sourceTree = "<group>"; };
		8827E214D6520A96C0AE83D5 /* Pods-MoneyApp.release.xcconfig */ = {isa = PBXFileReference; includeInIndex = 1; lastKnownFileType = text.xcconfig; name = "Pods-MoneyApp.release.xcconfig"; path = "Target Support Files/Pods-MoneyApp/Pods-MoneyApp.release.xcconfig"; sourceTree = "<group>"; };
		885B49F1E65C483526CF41DA /* Pods-MoneyApp-MoneyAppUITests.debug.xcconfig */ = {isa = PBXFileReference; includeInIndex = 1; lastKnownFileType = text.xcconfig; name = "Pods-MoneyApp-MoneyAppUITests.debug.xcconfig"; path = "Target Support Files/Pods-MoneyApp-MoneyAppUITests/Pods-MoneyApp-MoneyAppUITests.debug.xcconfig"; sourceTree = "<group>"; };
		92893E52266BD961000CED03 /* MoneyApp.app */ = {isa = PBXFileReference; explicitFileType = wrapper.application; includeInIndex = 0; path = MoneyApp.app; sourceTree = BUILT_PRODUCTS_DIR; };
		92893E55266BD961000CED03 /* AppDelegate.swift */ = {isa = PBXFileReference; lastKnownFileType = sourcecode.swift; path = AppDelegate.swift; sourceTree = "<group>"; };
		92893E57266BD961000CED03 /* SceneDelegate.swift */ = {isa = PBXFileReference; lastKnownFileType = sourcecode.swift; path = SceneDelegate.swift; sourceTree = "<group>"; };
		92893E59266BD961000CED03 /* GroupListViewController.swift */ = {isa = PBXFileReference; lastKnownFileType = sourcecode.swift; path = GroupListViewController.swift; sourceTree = "<group>"; };
		92893E5C266BD961000CED03 /* Base */ = {isa = PBXFileReference; lastKnownFileType = file.storyboard; name = Base; path = Base.lproj/Main.storyboard; sourceTree = "<group>"; };
		92893E5E266BD963000CED03 /* Assets.xcassets */ = {isa = PBXFileReference; lastKnownFileType = folder.assetcatalog; path = Assets.xcassets; sourceTree = "<group>"; };
		92893E61266BD963000CED03 /* Base */ = {isa = PBXFileReference; lastKnownFileType = file.storyboard; name = Base; path = Base.lproj/LaunchScreen.storyboard; sourceTree = "<group>"; };
		92893E63266BD963000CED03 /* Info.plist */ = {isa = PBXFileReference; lastKnownFileType = text.plist.xml; path = Info.plist; sourceTree = "<group>"; };
		92893E68266BD963000CED03 /* MoneyAppTests.xctest */ = {isa = PBXFileReference; explicitFileType = wrapper.cfbundle; includeInIndex = 0; path = MoneyAppTests.xctest; sourceTree = BUILT_PRODUCTS_DIR; };
		92893E6C266BD963000CED03 /* MoneyAppTests.swift */ = {isa = PBXFileReference; lastKnownFileType = sourcecode.swift; path = MoneyAppTests.swift; sourceTree = "<group>"; };
		92893E6E266BD963000CED03 /* Info.plist */ = {isa = PBXFileReference; lastKnownFileType = text.plist.xml; path = Info.plist; sourceTree = "<group>"; };
		92893E73266BD963000CED03 /* MoneyAppUITests.xctest */ = {isa = PBXFileReference; explicitFileType = wrapper.cfbundle; includeInIndex = 0; path = MoneyAppUITests.xctest; sourceTree = BUILT_PRODUCTS_DIR; };
		92893E77266BD963000CED03 /* MoneyAppUITests.swift */ = {isa = PBXFileReference; lastKnownFileType = sourcecode.swift; path = MoneyAppUITests.swift; sourceTree = "<group>"; };
		92893E79266BD963000CED03 /* Info.plist */ = {isa = PBXFileReference; lastKnownFileType = text.plist.xml; path = Info.plist; sourceTree = "<group>"; };
		92893E85266BDD28000CED03 /* Config.swift */ = {isa = PBXFileReference; lastKnownFileType = sourcecode.swift; path = Config.swift; sourceTree = "<group>"; };
		92BCE42526E3CC9B00E4E929 /* JoinResponse.swift */ = {isa = PBXFileReference; lastKnownFileType = sourcecode.swift; path = JoinResponse.swift; sourceTree = "<group>"; };
		92BCE42826E3D65F00E4E929 /* AddGroupViewController.swift */ = {isa = PBXFileReference; lastKnownFileType = sourcecode.swift; path = AddGroupViewController.swift; sourceTree = "<group>"; };
		92BCE42A26E3D67400E4E929 /* AddGroupService.swift */ = {isa = PBXFileReference; lastKnownFileType = sourcecode.swift; path = AddGroupService.swift; sourceTree = "<group>"; };
		92BCE42C26E3D69F00E4E929 /* AddGroupView.storyboard */ = {isa = PBXFileReference; lastKnownFileType = file.storyboard; path = AddGroupView.storyboard; sourceTree = "<group>"; };
		92BCE43126E4F56E00E4E929 /* Date+Extensions.swift */ = {isa = PBXFileReference; lastKnownFileType = sourcecode.swift; path = "Date+Extensions.swift"; sourceTree = "<group>"; };
		92BCE43326E4F9AE00E4E929 /* UIImageView+Extensions.swift */ = {isa = PBXFileReference; lastKnownFileType = sourcecode.swift; path = "UIImageView+Extensions.swift"; sourceTree = "<group>"; };
		92BCE43626E50B8A00E4E929 /* ProfileViewController.swift */ = {isa = PBXFileReference; lastKnownFileType = sourcecode.swift; path = ProfileViewController.swift; sourceTree = "<group>"; };
		92BCE43826E50C5100E4E929 /* ProfileView.storyboard */ = {isa = PBXFileReference; lastKnownFileType = file.storyboard; path = ProfileView.storyboard; sourceTree = "<group>"; };
		92BCE43A26E50EC200E4E929 /* ProfileService.swift */ = {isa = PBXFileReference; lastKnownFileType = sourcecode.swift; path = ProfileService.swift; sourceTree = "<group>"; };
		92BCE43E26E520D100E4E929 /* PrimaryButton.swift */ = {isa = PBXFileReference; lastKnownFileType = sourcecode.swift; path = PrimaryButton.swift; sourceTree = "<group>"; };
		92BCE44126E545FE00E4E929 /* AboutViewController.swift */ = {isa = PBXFileReference; lastKnownFileType = sourcecode.swift; path = AboutViewController.swift; sourceTree = "<group>"; };
		92BCE44326E5460900E4E929 /* AboutView.storyboard */ = {isa = PBXFileReference; lastKnownFileType = file.storyboard; path = AboutView.storyboard; sourceTree = "<group>"; };
		92BCE44526E550EC00E4E929 /* ShrinkView.swift */ = {isa = PBXFileReference; lastKnownFileType = sourcecode.swift; path = ShrinkView.swift; sourceTree = "<group>"; };
		92E4567926CED5790024F598 /* UserDefaultsKeys.swift */ = {isa = PBXFileReference; lastKnownFileType = sourcecode.swift; path = UserDefaultsKeys.swift; sourceTree = "<group>"; };
		92E4567B26CED67F0024F598 /* Authentication.swift */ = {isa = PBXFileReference; lastKnownFileType = sourcecode.swift; path = Authentication.swift; sourceTree = "<group>"; };
		92E4568026CED7F40024F598 /* LoginViewController.swift */ = {isa = PBXFileReference; lastKnownFileType = sourcecode.swift; path = LoginViewController.swift; sourceTree = "<group>"; };
		92E4568226CED8220024F598 /* LoginView.storyboard */ = {isa = PBXFileReference; lastKnownFileType = file.storyboard; path = LoginView.storyboard; sourceTree = "<group>"; };
		92E4568426CEE4A90024F598 /* Toast.swift */ = {isa = PBXFileReference; lastKnownFileType = sourcecode.swift; path = Toast.swift; sourceTree = "<group>"; };
		92E4568726CEE6520024F598 /* MoneyAppClient.swift */ = {isa = PBXFileReference; lastKnownFileType = sourcecode.swift; path = MoneyAppClient.swift; sourceTree = "<group>"; };
		92E4568A26CEE81F0024F598 /* UserRepository.swift */ = {isa = PBXFileReference; lastKnownFileType = sourcecode.swift; path = UserRepository.swift; sourceTree = "<group>"; };
		92E4568D26CEE9700024F598 /* LoginResponse.swift */ = {isa = PBXFileReference; lastKnownFileType = sourcecode.swift; path = LoginResponse.swift; sourceTree = "<group>"; };
		92E4568F26CEE9C60024F598 /* LoginService.swift */ = {isa = PBXFileReference; lastKnownFileType = sourcecode.swift; path = LoginService.swift; sourceTree = "<group>"; };
		92E4569126CEED5C0024F598 /* Brand.swift */ = {isa = PBXFileReference; lastKnownFileType = sourcecode.swift; path = Brand.swift; sourceTree = "<group>"; };
		92E4569526D0E9160024F598 /* GroupListView.storyboard */ = {isa = PBXFileReference; lastKnownFileType = file.storyboard; path = GroupListView.storyboard; sourceTree = "<group>"; };
		92E4569726D0F7440024F598 /* ScrollView.swift */ = {isa = PBXFileReference; lastKnownFileType = sourcecode.swift; path = ScrollView.swift; sourceTree = "<group>"; };
		92E4569926D0F87F0024F598 /* Group.swift */ = {isa = PBXFileReference; lastKnownFileType = sourcecode.swift; path = Group.swift; sourceTree = "<group>"; };
		92E4569B26D0F8AE0024F598 /* GroupComponentView.swift */ = {isa = PBXFileReference; lastKnownFileType = sourcecode.swift; path = GroupComponentView.swift; sourceTree = "<group>"; };
		92E4569F26D0F9BA0024F598 /* Mock.swift */ = {isa = PBXFileReference; lastKnownFileType = sourcecode.swift; path = Mock.swift; sourceTree = "<group>"; };
		92E456A126D1057A0024F598 /* GroupRepository.swift */ = {isa = PBXFileReference; lastKnownFileType = sourcecode.swift; path = GroupRepository.swift; sourceTree = "<group>"; };
		92E456A326D107050024F598 /* GroupResponse.swift */ = {isa = PBXFileReference; lastKnownFileType = sourcecode.swift; path = GroupResponse.swift; sourceTree = "<group>"; };
		92E456A526D108100024F598 /* GroupListService.swift */ = {isa = PBXFileReference; lastKnownFileType = sourcecode.swift; path = GroupListService.swift; sourceTree = "<group>"; };
		92FEA6F026A5E5D0008BFAA3 /* TableViewController.swift */ = {isa = PBXFileReference; lastKnownFileType = sourcecode.swift; path = TableViewController.swift; sourceTree = "<group>"; };
		92FEA6F526A5E604008BFAA3 /* TableView.storyboard */ = {isa = PBXFileReference; lastKnownFileType = file.storyboard; path = TableView.storyboard; sourceTree = "<group>"; };
		92FEA6F726A5E60F008BFAA3 /* ScrollView.storyboard */ = {isa = PBXFileReference; lastKnownFileType = file.storyboard; path = ScrollView.storyboard; sourceTree = "<group>"; };
		92FEA6F926A5E61B008BFAA3 /* ScrollViewController.swift */ = {isa = PBXFileReference; lastKnownFileType = sourcecode.swift; path = ScrollViewController.swift; sourceTree = "<group>"; };
		92FEA6FB26A5E625008BFAA3 /* ControlViewController.swift */ = {isa = PBXFileReference; lastKnownFileType = sourcecode.swift; path = ControlViewController.swift; sourceTree = "<group>"; };
		92FEA6FD26A5E62F008BFAA3 /* ControlView.storyboard */ = {isa = PBXFileReference; lastKnownFileType = file.storyboard; path = ControlView.storyboard; sourceTree = "<group>"; };
		92FEA70126A5E856008BFAA3 /* UIViewController+Extensions.swift */ = {isa = PBXFileReference; lastKnownFileType = sourcecode.swift; path = "UIViewController+Extensions.swift"; sourceTree = "<group>"; };
		92FEA70326A5ED27008BFAA3 /* TableViewCell.swift */ = {isa = PBXFileReference; lastKnownFileType = sourcecode.swift; path = TableViewCell.swift; sourceTree = "<group>"; };
		C899D24842896264E2AC522C /* Pods-MoneyApp.debug.xcconfig */ = {isa = PBXFileReference; includeInIndex = 1; lastKnownFileType = text.xcconfig; name = "Pods-MoneyApp.debug.xcconfig"; path = "Target Support Files/Pods-MoneyApp/Pods-MoneyApp.debug.xcconfig"; sourceTree = "<group>"; };
		D96D3DE344EBDFCD506A35EC /* Pods-MoneyAppTests.debug.xcconfig */ = {isa = PBXFileReference; includeInIndex = 1; lastKnownFileType = text.xcconfig; name = "Pods-MoneyAppTests.debug.xcconfig"; path = "Target Support Files/Pods-MoneyAppTests/Pods-MoneyAppTests.debug.xcconfig"; sourceTree = "<group>"; };
		E30CABAF26E3CC0D00285E34 /* GroupUsersListComponentView.swift */ = {isa = PBXFileReference; lastKnownFileType = sourcecode.swift; path = GroupUsersListComponentView.swift; sourceTree = "<group>"; };
		E37AF72426E3CF7300BD5C0B /* GroupBalanceComponentView.swift */ = {isa = PBXFileReference; lastKnownFileType = sourcecode.swift; path = GroupBalanceComponentView.swift; sourceTree = "<group>"; };
		E37AF72626E3DB5A00BD5C0B /* User.swift */ = {isa = PBXFileReference; lastKnownFileType = sourcecode.swift; path = User.swift; sourceTree = "<group>"; };
		E39B036126E3952C00EFE780 /* GroupDetailsViewController.swift */ = {isa = PBXFileReference; lastKnownFileType = sourcecode.swift; path = GroupDetailsViewController.swift; sourceTree = "<group>"; };
		E3DE736F26E4F49000D9C9D3 /* GroupUsersResponse.swift */ = {isa = PBXFileReference; lastKnownFileType = sourcecode.swift; path = GroupUsersResponse.swift; sourceTree = "<group>"; };
		E3DE737126E50A8600D9C9D3 /* UserResponse.swift */ = {isa = PBXFileReference; lastKnownFileType = sourcecode.swift; path = UserResponse.swift; sourceTree = "<group>"; };
		E3F1EEEC26E3A78A00C6814B /* GroupDetailsView.storyboard */ = {isa = PBXFileReference; lastKnownFileType = file.storyboard; path = GroupDetailsView.storyboard; sourceTree = "<group>"; };
		E3F1EEEE26E3BA2300C6814B /* GroupValuesComponentView.swift */ = {isa = PBXFileReference; lastKnownFileType = sourcecode.swift; path = GroupValuesComponentView.swift; sourceTree = "<group>"; };
		ECC44239D85A7FEEA15048C6 /* Pods_MoneyAppTests.framework */ = {isa = PBXFileReference; explicitFileType = wrapper.framework; includeInIndex = 0; path = Pods_MoneyAppTests.framework; sourceTree = BUILT_PRODUCTS_DIR; };
/* End PBXFileReference section */

/* Begin PBXFrameworksBuildPhase section */
		92893E4F266BD961000CED03 /* Frameworks */ = {
			isa = PBXFrameworksBuildPhase;
			buildActionMask = 2147483647;
			files = (
				BCE3808BC330E79B1DFBC30E /* Pods_MoneyApp.framework in Frameworks */,
			);
			runOnlyForDeploymentPostprocessing = 0;
		};
		92893E65266BD963000CED03 /* Frameworks */ = {
			isa = PBXFrameworksBuildPhase;
			buildActionMask = 2147483647;
			files = (
				23D4B68BAD98D21F125534E6 /* Pods_MoneyAppTests.framework in Frameworks */,
			);
			runOnlyForDeploymentPostprocessing = 0;
		};
		92893E70266BD963000CED03 /* Frameworks */ = {
			isa = PBXFrameworksBuildPhase;
			buildActionMask = 2147483647;
			files = (
				70DFAD49855C64FAE178143B /* Pods_MoneyApp_MoneyAppUITests.framework in Frameworks */,
			);
			runOnlyForDeploymentPostprocessing = 0;
		};
/* End PBXFrameworksBuildPhase section */

/* Begin PBXGroup section */
		49FC6F18F3CC1CAF2945AAD1 /* Frameworks */ = {
			isa = PBXGroup;
			children = (
				4C28A05241A1E507FDC84C2A /* Pods_MoneyApp.framework */,
				28BE08076C189D8CC6C663A5 /* Pods_MoneyApp_MoneyAppUITests.framework */,
				ECC44239D85A7FEEA15048C6 /* Pods_MoneyAppTests.framework */,
			);
			name = Frameworks;
			sourceTree = "<group>";
		};
		4D6342C526DEC8E50065209B /* RegisterView */ = {
			isa = PBXGroup;
			children = (
				4D6342C626DEC90A0065209B /* RegisterViewController.swift */,
				4D6342C826DEC9240065209B /* RegisterView.storyboard */,
			);
			path = RegisterView;
			sourceTree = "<group>";
		};
		6F8908BF32BC4C121A296A9D /* Pods */ = {
			isa = PBXGroup;
			children = (
				C899D24842896264E2AC522C /* Pods-MoneyApp.debug.xcconfig */,
				8827E214D6520A96C0AE83D5 /* Pods-MoneyApp.release.xcconfig */,
				885B49F1E65C483526CF41DA /* Pods-MoneyApp-MoneyAppUITests.debug.xcconfig */,
				6D848F9CDA51F8C248338DD7 /* Pods-MoneyApp-MoneyAppUITests.release.xcconfig */,
				D96D3DE344EBDFCD506A35EC /* Pods-MoneyAppTests.debug.xcconfig */,
				81DE3A7461FB20B90373FFF4 /* Pods-MoneyAppTests.release.xcconfig */,
			);
			path = Pods;
			sourceTree = "<group>";
		};
		92893E49266BD961000CED03 = {
			isa = PBXGroup;
			children = (
				92893E54266BD961000CED03 /* MoneyApp */,
				92893E6B266BD963000CED03 /* MoneyAppTests */,
				92893E76266BD963000CED03 /* MoneyAppUITests */,
				92893E53266BD961000CED03 /* Products */,
				6F8908BF32BC4C121A296A9D /* Pods */,
				49FC6F18F3CC1CAF2945AAD1 /* Frameworks */,
			);
			sourceTree = "<group>";
		};
		92893E53266BD961000CED03 /* Products */ = {
			isa = PBXGroup;
			children = (
				92893E52266BD961000CED03 /* MoneyApp.app */,
				92893E68266BD963000CED03 /* MoneyAppTests.xctest */,
				92893E73266BD963000CED03 /* MoneyAppUITests.xctest */,
			);
			name = Products;
			sourceTree = "<group>";
		};
		92893E54266BD961000CED03 /* MoneyApp */ = {
			isa = PBXGroup;
			children = (
				92FEA6EF26A5E5B7008BFAA3 /* Example */,
				92893E55266BD961000CED03 /* AppDelegate.swift */,
				92893E5B266BD961000CED03 /* Main.storyboard */,
				92893E57266BD961000CED03 /* SceneDelegate.swift */,
				92893E85266BDD28000CED03 /* Config.swift */,
				92E4569D26D0F9A60024F598 /* Mock */,
				92E4568626CEE59E0024F598 /* Network */,
				92E4567826CED55B0024F598 /* Utilities */,
				92E4567526CED4AD0024F598 /* UI */,
				92E4567426CED4A50024F598 /* Models */,
				92893E5E266BD963000CED03 /* Assets.xcassets */,
				92893E60266BD963000CED03 /* LaunchScreen.storyboard */,
				92893E63266BD963000CED03 /* Info.plist */,
			);
			path = MoneyApp;
			sourceTree = "<group>";
		};
		92893E6B266BD963000CED03 /* MoneyAppTests */ = {
			isa = PBXGroup;
			children = (
				92893E6C266BD963000CED03 /* MoneyAppTests.swift */,
				92893E6E266BD963000CED03 /* Info.plist */,
			);
			path = MoneyAppTests;
			sourceTree = "<group>";
		};
		92893E76266BD963000CED03 /* MoneyAppUITests */ = {
			isa = PBXGroup;
			children = (
				92893E77266BD963000CED03 /* MoneyAppUITests.swift */,
				92893E79266BD963000CED03 /* Info.plist */,
			);
			path = MoneyAppUITests;
			sourceTree = "<group>";
		};
		92BCE42726E3D63900E4E929 /* AddGroupView */ = {
			isa = PBXGroup;
			children = (
				92BCE42826E3D65F00E4E929 /* AddGroupViewController.swift */,
				92BCE42A26E3D67400E4E929 /* AddGroupService.swift */,
				92BCE42C26E3D69F00E4E929 /* AddGroupView.storyboard */,
			);
			path = AddGroupView;
			sourceTree = "<group>";
		};
		92BCE43526E50B7E00E4E929 /* Profile */ = {
			isa = PBXGroup;
			children = (
				92BCE43626E50B8A00E4E929 /* ProfileViewController.swift */,
				92BCE43826E50C5100E4E929 /* ProfileView.storyboard */,
				92BCE43A26E50EC200E4E929 /* ProfileService.swift */,
			);
			path = Profile;
			sourceTree = "<group>";
		};
		92BCE44026E545F100E4E929 /* About */ = {
			isa = PBXGroup;
			children = (
				92BCE44126E545FE00E4E929 /* AboutViewController.swift */,
				92BCE44326E5460900E4E929 /* AboutView.storyboard */,
			);
			path = About;
			sourceTree = "<group>";
		};
		92E4567426CED4A50024F598 /* Models */ = {
			isa = PBXGroup;
			children = (
				92E4569926D0F87F0024F598 /* Group.swift */,
				E37AF72626E3DB5A00BD5C0B /* User.swift */,
			);
			path = Models;
			sourceTree = "<group>";
		};
		92E4567526CED4AD0024F598 /* UI */ = {
			isa = PBXGroup;
			children = (
				92E4567726CED4BB0024F598 /* Components */,
				92E4567626CED4B30024F598 /* Views */,
			);
			path = UI;
			sourceTree = "<group>";
		};
		92E4567626CED4B30024F598 /* Views */ = {
			isa = PBXGroup;
			children = (
				92BCE44026E545F100E4E929 /* About */,
				92BCE43526E50B7E00E4E929 /* Profile */,
				92BCE42726E3D63900E4E929 /* AddGroupView */,
				E39B036026E394E300EFE780 /* GroupDetailsView */,
				92E4567E26CED7DA0024F598 /* Auth */,
				92E4567D26CED7CF0024F598 /* GroupListView */,
			);
			path = Views;
			sourceTree = "<group>";
		};
		92E4567726CED4BB0024F598 /* Components */ = {
			isa = PBXGroup;
			children = (
				92E4569B26D0F8AE0024F598 /* GroupComponentView.swift */,
				92BCE43E26E520D100E4E929 /* PrimaryButton.swift */,
				92BCE44526E550EC00E4E929 /* ShrinkView.swift */,
				E3F1EEEE26E3BA2300C6814B /* GroupValuesComponentView.swift */,
				92E4569726D0F7440024F598 /* ScrollView.swift */,
				E30CABAF26E3CC0D00285E34 /* GroupUsersListComponentView.swift */,
				E37AF72426E3CF7300BD5C0B /* GroupBalanceComponentView.swift */,
				4DDEBC1426E3BB19000894B6 /* TextField.swift */,
				4DDEBC1626E3C327000894B6 /* Button.swift */,
				4DDEBC1826E3C601000894B6 /* TextWithButton.swift */,
			);
			path = Components;
			sourceTree = "<group>";
		};
		92E4567826CED55B0024F598 /* Utilities */ = {
			isa = PBXGroup;
			children = (
				92E4567926CED5790024F598 /* UserDefaultsKeys.swift */,
				92E4567B26CED67F0024F598 /* Authentication.swift */,
				92E4568426CEE4A90024F598 /* Toast.swift */,
				92E4569126CEED5C0024F598 /* Brand.swift */,
				92BCE43126E4F56E00E4E929 /* Date+Extensions.swift */,
				92BCE43326E4F9AE00E4E929 /* UIImageView+Extensions.swift */,
			);
			path = Utilities;
			sourceTree = "<group>";
		};
		92E4567D26CED7CF0024F598 /* GroupListView */ = {
			isa = PBXGroup;
			children = (
				92893E59266BD961000CED03 /* GroupListViewController.swift */,
				92E4569526D0E9160024F598 /* GroupListView.storyboard */,
				92E456A526D108100024F598 /* GroupListService.swift */,
			);
			path = GroupListView;
			sourceTree = "<group>";
		};
		92E4567E26CED7DA0024F598 /* Auth */ = {
			isa = PBXGroup;
			children = (
				4D6342C526DEC8E50065209B /* RegisterView */,
				92E4567F26CED7DF0024F598 /* LoginView */,
			);
			path = Auth;
			sourceTree = "<group>";
		};
		92E4567F26CED7DF0024F598 /* LoginView */ = {
			isa = PBXGroup;
			children = (
				92E4568026CED7F40024F598 /* LoginViewController.swift */,
				92E4568226CED8220024F598 /* LoginView.storyboard */,
				92E4568F26CEE9C60024F598 /* LoginService.swift */,
			);
			path = LoginView;
			sourceTree = "<group>";
		};
		92E4568626CEE59E0024F598 /* Network */ = {
			isa = PBXGroup;
			children = (
				92E4568726CEE6520024F598 /* MoneyAppClient.swift */,
				92E4568C26CEE9530024F598 /* NetworkModel */,
				92E4568926CEE8050024F598 /* Repository */,
			);
			path = Network;
			sourceTree = "<group>";
		};
		92E4568926CEE8050024F598 /* Repository */ = {
			isa = PBXGroup;
			children = (
				92E4568A26CEE81F0024F598 /* UserRepository.swift */,
				92E456A126D1057A0024F598 /* GroupRepository.swift */,
			);
			path = Repository;
			sourceTree = "<group>";
		};
		92E4568C26CEE9530024F598 /* NetworkModel */ = {
			isa = PBXGroup;
			children = (
				92E4568D26CEE9700024F598 /* LoginResponse.swift */,
				92E456A326D107050024F598 /* GroupResponse.swift */,
				92BCE42526E3CC9B00E4E929 /* JoinResponse.swift */,
				4DDEBC1A26E3CE24000894B6 /* RegisterResponse.swift */,
				E3DE736F26E4F49000D9C9D3 /* GroupUsersResponse.swift */,
				E3DE737126E50A8600D9C9D3 /* UserResponse.swift */,
			);
			path = NetworkModel;
			sourceTree = "<group>";
		};
		92E4569D26D0F9A60024F598 /* Mock */ = {
			isa = PBXGroup;
			children = (
				92E4569F26D0F9BA0024F598 /* Mock.swift */,
			);
			path = Mock;
			sourceTree = "<group>";
		};
		92FEA6EF26A5E5B7008BFAA3 /* Example */ = {
			isa = PBXGroup;
			children = (
				92FEA6FF26A5E839008BFAA3 /* Utils */,
				92FEA6F426A5E5E8008BFAA3 /* Control */,
				92FEA6F326A5E5DD008BFAA3 /* ScrollView */,
				92FEA6F226A5E5D5008BFAA3 /* TableView */,
			);
			path = Example;
			sourceTree = "<group>";
		};
		92FEA6F226A5E5D5008BFAA3 /* TableView */ = {
			isa = PBXGroup;
			children = (
				92FEA6F026A5E5D0008BFAA3 /* TableViewController.swift */,
				92FEA6F526A5E604008BFAA3 /* TableView.storyboard */,
				92FEA70326A5ED27008BFAA3 /* TableViewCell.swift */,
			);
			path = TableView;
			sourceTree = "<group>";
		};
		92FEA6F326A5E5DD008BFAA3 /* ScrollView */ = {
			isa = PBXGroup;
			children = (
				92FEA6F926A5E61B008BFAA3 /* ScrollViewController.swift */,
				92FEA6F726A5E60F008BFAA3 /* ScrollView.storyboard */,
			);
			path = ScrollView;
			sourceTree = "<group>";
		};
		92FEA6F426A5E5E8008BFAA3 /* Control */ = {
			isa = PBXGroup;
			children = (
				92FEA6FB26A5E625008BFAA3 /* ControlViewController.swift */,
				92FEA6FD26A5E62F008BFAA3 /* ControlView.storyboard */,
			);
			path = Control;
			sourceTree = "<group>";
		};
		92FEA6FF26A5E839008BFAA3 /* Utils */ = {
			isa = PBXGroup;
			children = (
				92FEA70026A5E83E008BFAA3 /* Extensions */,
			);
			path = Utils;
			sourceTree = "<group>";
		};
		92FEA70026A5E83E008BFAA3 /* Extensions */ = {
			isa = PBXGroup;
			children = (
				92FEA70126A5E856008BFAA3 /* UIViewController+Extensions.swift */,
			);
			path = Extensions;
			sourceTree = "<group>";
		};
		E39B036026E394E300EFE780 /* GroupDetailsView */ = {
			isa = PBXGroup;
			children = (
				E39B036126E3952C00EFE780 /* GroupDetailsViewController.swift */,
				E3F1EEEC26E3A78A00C6814B /* GroupDetailsView.storyboard */,
			);
			path = GroupDetailsView;
			sourceTree = "<group>";
		};
/* End PBXGroup section */

/* Begin PBXNativeTarget section */
		92893E51266BD961000CED03 /* MoneyApp */ = {
			isa = PBXNativeTarget;
			buildConfigurationList = 92893E7C266BD963000CED03 /* Build configuration list for PBXNativeTarget "MoneyApp" */;
			buildPhases = (
				A37B4FDC360E9BB062D29B0C /* [CP] Check Pods Manifest.lock */,
				92893E4E266BD961000CED03 /* Sources */,
				92893E4F266BD961000CED03 /* Frameworks */,
				92893E50266BD961000CED03 /* Resources */,
				E3F0BF64EA337ED00B62B65D /* [CP] Embed Pods Frameworks */,
				92BCE43026E4E21600E4E929 /* ShellScript */,
			);
			buildRules = (
			);
			dependencies = (
			);
			name = MoneyApp;
			productName = MoneyApp;
			productReference = 92893E52266BD961000CED03 /* MoneyApp.app */;
			productType = "com.apple.product-type.application";
		};
		92893E67266BD963000CED03 /* MoneyAppTests */ = {
			isa = PBXNativeTarget;
			buildConfigurationList = 92893E7F266BD963000CED03 /* Build configuration list for PBXNativeTarget "MoneyAppTests" */;
			buildPhases = (
				6C32592F9AD4D724C90095DC /* [CP] Check Pods Manifest.lock */,
				92893E64266BD963000CED03 /* Sources */,
				92893E65266BD963000CED03 /* Frameworks */,
				92893E66266BD963000CED03 /* Resources */,
			);
			buildRules = (
			);
			dependencies = (
				92893E6A266BD963000CED03 /* PBXTargetDependency */,
			);
			name = MoneyAppTests;
			productName = MoneyAppTests;
			productReference = 92893E68266BD963000CED03 /* MoneyAppTests.xctest */;
			productType = "com.apple.product-type.bundle.unit-test";
		};
		92893E72266BD963000CED03 /* MoneyAppUITests */ = {
			isa = PBXNativeTarget;
			buildConfigurationList = 92893E82266BD963000CED03 /* Build configuration list for PBXNativeTarget "MoneyAppUITests" */;
			buildPhases = (
				41659E6898DD9BC3D4CABA1D /* [CP] Check Pods Manifest.lock */,
				92893E6F266BD963000CED03 /* Sources */,
				92893E70266BD963000CED03 /* Frameworks */,
				92893E71266BD963000CED03 /* Resources */,
				1AF27FFF96F2F30FE7A9F13E /* [CP] Embed Pods Frameworks */,
			);
			buildRules = (
			);
			dependencies = (
				92893E75266BD963000CED03 /* PBXTargetDependency */,
			);
			name = MoneyAppUITests;
			productName = MoneyAppUITests;
			productReference = 92893E73266BD963000CED03 /* MoneyAppUITests.xctest */;
			productType = "com.apple.product-type.bundle.ui-testing";
		};
/* End PBXNativeTarget section */

/* Begin PBXProject section */
		92893E4A266BD961000CED03 /* Project object */ = {
			isa = PBXProject;
			attributes = {
				LastSwiftUpdateCheck = 1250;
				LastUpgradeCheck = 1250;
				TargetAttributes = {
					92893E51266BD961000CED03 = {
						CreatedOnToolsVersion = 12.5;
					};
					92893E67266BD963000CED03 = {
						CreatedOnToolsVersion = 12.5;
						TestTargetID = 92893E51266BD961000CED03;
					};
					92893E72266BD963000CED03 = {
						CreatedOnToolsVersion = 12.5;
						TestTargetID = 92893E51266BD961000CED03;
					};
				};
			};
			buildConfigurationList = 92893E4D266BD961000CED03 /* Build configuration list for PBXProject "MoneyApp" */;
			compatibilityVersion = "Xcode 9.3";
			developmentRegion = en;
			hasScannedForEncodings = 0;
			knownRegions = (
				en,
				Base,
			);
			mainGroup = 92893E49266BD961000CED03;
			productRefGroup = 92893E53266BD961000CED03 /* Products */;
			projectDirPath = "";
			projectRoot = "";
			targets = (
				92893E51266BD961000CED03 /* MoneyApp */,
				92893E67266BD963000CED03 /* MoneyAppTests */,
				92893E72266BD963000CED03 /* MoneyAppUITests */,
			);
		};
/* End PBXProject section */

/* Begin PBXResourcesBuildPhase section */
		92893E50266BD961000CED03 /* Resources */ = {
			isa = PBXResourcesBuildPhase;
			buildActionMask = 2147483647;
			files = (
				4D6342C926DEC9240065209B /* RegisterView.storyboard in Resources */,
				92893E62266BD963000CED03 /* LaunchScreen.storyboard in Resources */,
				92FEA6FE26A5E62F008BFAA3 /* ControlView.storyboard in Resources */,
				92893E5F266BD963000CED03 /* Assets.xcassets in Resources */,
				92BCE44426E5460900E4E929 /* AboutView.storyboard in Resources */,
				92BCE42D26E3D69F00E4E929 /* AddGroupView.storyboard in Resources */,
				92BCE43926E50C5100E4E929 /* ProfileView.storyboard in Resources */,
				E3F1EEED26E3A78A00C6814B /* GroupDetailsView.storyboard in Resources */,
				92E4569626D0E9160024F598 /* GroupListView.storyboard in Resources */,
				92FEA6F826A5E60F008BFAA3 /* ScrollView.storyboard in Resources */,
				92E4568326CED8220024F598 /* LoginView.storyboard in Resources */,
				92FEA6F626A5E604008BFAA3 /* TableView.storyboard in Resources */,
				92893E5D266BD961000CED03 /* Main.storyboard in Resources */,
			);
			runOnlyForDeploymentPostprocessing = 0;
		};
		92893E66266BD963000CED03 /* Resources */ = {
			isa = PBXResourcesBuildPhase;
			buildActionMask = 2147483647;
			files = (
			);
			runOnlyForDeploymentPostprocessing = 0;
		};
		92893E71266BD963000CED03 /* Resources */ = {
			isa = PBXResourcesBuildPhase;
			buildActionMask = 2147483647;
			files = (
			);
			runOnlyForDeploymentPostprocessing = 0;
		};
/* End PBXResourcesBuildPhase section */

/* Begin PBXShellScriptBuildPhase section */
		1AF27FFF96F2F30FE7A9F13E /* [CP] Embed Pods Frameworks */ = {
			isa = PBXShellScriptBuildPhase;
			buildActionMask = 2147483647;
			files = (
			);
			inputFileListPaths = (
				"${PODS_ROOT}/Target Support Files/Pods-MoneyApp-MoneyAppUITests/Pods-MoneyApp-MoneyAppUITests-frameworks-${CONFIGURATION}-input-files.xcfilelist",
			);
			name = "[CP] Embed Pods Frameworks";
			outputFileListPaths = (
				"${PODS_ROOT}/Target Support Files/Pods-MoneyApp-MoneyAppUITests/Pods-MoneyApp-MoneyAppUITests-frameworks-${CONFIGURATION}-output-files.xcfilelist",
			);
			runOnlyForDeploymentPostprocessing = 0;
			shellPath = /bin/sh;
			shellScript = "\"${PODS_ROOT}/Target Support Files/Pods-MoneyApp-MoneyAppUITests/Pods-MoneyApp-MoneyAppUITests-frameworks.sh\"\n";
			showEnvVarsInLog = 0;
		};
		41659E6898DD9BC3D4CABA1D /* [CP] Check Pods Manifest.lock */ = {
			isa = PBXShellScriptBuildPhase;
			buildActionMask = 2147483647;
			files = (
			);
			inputFileListPaths = (
			);
			inputPaths = (
				"${PODS_PODFILE_DIR_PATH}/Podfile.lock",
				"${PODS_ROOT}/Manifest.lock",
			);
			name = "[CP] Check Pods Manifest.lock";
			outputFileListPaths = (
			);
			outputPaths = (
				"$(DERIVED_FILE_DIR)/Pods-MoneyApp-MoneyAppUITests-checkManifestLockResult.txt",
			);
			runOnlyForDeploymentPostprocessing = 0;
			shellPath = /bin/sh;
			shellScript = "diff \"${PODS_PODFILE_DIR_PATH}/Podfile.lock\" \"${PODS_ROOT}/Manifest.lock\" > /dev/null\nif [ $? != 0 ] ; then\n    # print error to STDERR\n    echo \"error: The sandbox is not in sync with the Podfile.lock. Run 'pod install' or update your CocoaPods installation.\" >&2\n    exit 1\nfi\n# This output is used by Xcode 'outputs' to avoid re-running this script phase.\necho \"SUCCESS\" > \"${SCRIPT_OUTPUT_FILE_0}\"\n";
			showEnvVarsInLog = 0;
		};
		6C32592F9AD4D724C90095DC /* [CP] Check Pods Manifest.lock */ = {
			isa = PBXShellScriptBuildPhase;
			buildActionMask = 2147483647;
			files = (
			);
			inputFileListPaths = (
			);
			inputPaths = (
				"${PODS_PODFILE_DIR_PATH}/Podfile.lock",
				"${PODS_ROOT}/Manifest.lock",
			);
			name = "[CP] Check Pods Manifest.lock";
			outputFileListPaths = (
			);
			outputPaths = (
				"$(DERIVED_FILE_DIR)/Pods-MoneyAppTests-checkManifestLockResult.txt",
			);
			runOnlyForDeploymentPostprocessing = 0;
			shellPath = /bin/sh;
			shellScript = "diff \"${PODS_PODFILE_DIR_PATH}/Podfile.lock\" \"${PODS_ROOT}/Manifest.lock\" > /dev/null\nif [ $? != 0 ] ; then\n    # print error to STDERR\n    echo \"error: The sandbox is not in sync with the Podfile.lock. Run 'pod install' or update your CocoaPods installation.\" >&2\n    exit 1\nfi\n# This output is used by Xcode 'outputs' to avoid re-running this script phase.\necho \"SUCCESS\" > \"${SCRIPT_OUTPUT_FILE_0}\"\n";
			showEnvVarsInLog = 0;
		};
		92BCE43026E4E21600E4E929 /* ShellScript */ = {
			isa = PBXShellScriptBuildPhase;
			buildActionMask = 2147483647;
			files = (
			);
			inputFileListPaths = (
			);
			inputPaths = (
			);
			outputFileListPaths = (
			);
			outputPaths = (
			);
			runOnlyForDeploymentPostprocessing = 0;
			shellPath = /bin/sh;
			shellScript = "if which ${PODS_ROOT}/SwiftLint/swiftlint >/dev/null; then\n    ${PODS_ROOT}/SwiftLint/swiftlint\nelse\necho \"warning: SwiftLint not installed, download from https://github.com/realm/SwiftLint\"\nfi\n";
		};
		A37B4FDC360E9BB062D29B0C /* [CP] Check Pods Manifest.lock */ = {
			isa = PBXShellScriptBuildPhase;
			buildActionMask = 2147483647;
			files = (
			);
			inputFileListPaths = (
			);
			inputPaths = (
				"${PODS_PODFILE_DIR_PATH}/Podfile.lock",
				"${PODS_ROOT}/Manifest.lock",
			);
			name = "[CP] Check Pods Manifest.lock";
			outputFileListPaths = (
			);
			outputPaths = (
				"$(DERIVED_FILE_DIR)/Pods-MoneyApp-checkManifestLockResult.txt",
			);
			runOnlyForDeploymentPostprocessing = 0;
			shellPath = /bin/sh;
			shellScript = "diff \"${PODS_PODFILE_DIR_PATH}/Podfile.lock\" \"${PODS_ROOT}/Manifest.lock\" > /dev/null\nif [ $? != 0 ] ; then\n    # print error to STDERR\n    echo \"error: The sandbox is not in sync with the Podfile.lock. Run 'pod install' or update your CocoaPods installation.\" >&2\n    exit 1\nfi\n# This output is used by Xcode 'outputs' to avoid re-running this script phase.\necho \"SUCCESS\" > \"${SCRIPT_OUTPUT_FILE_0}\"\n";
			showEnvVarsInLog = 0;
		};
		E3F0BF64EA337ED00B62B65D /* [CP] Embed Pods Frameworks */ = {
			isa = PBXShellScriptBuildPhase;
			buildActionMask = 2147483647;
			files = (
			);
			inputFileListPaths = (
				"${PODS_ROOT}/Target Support Files/Pods-MoneyApp/Pods-MoneyApp-frameworks-${CONFIGURATION}-input-files.xcfilelist",
			);
			name = "[CP] Embed Pods Frameworks";
			outputFileListPaths = (
				"${PODS_ROOT}/Target Support Files/Pods-MoneyApp/Pods-MoneyApp-frameworks-${CONFIGURATION}-output-files.xcfilelist",
			);
			runOnlyForDeploymentPostprocessing = 0;
			shellPath = /bin/sh;
			shellScript = "\"${PODS_ROOT}/Target Support Files/Pods-MoneyApp/Pods-MoneyApp-frameworks.sh\"\n";
			showEnvVarsInLog = 0;
		};
/* End PBXShellScriptBuildPhase section */

/* Begin PBXSourcesBuildPhase section */
		92893E4E266BD961000CED03 /* Sources */ = {
			isa = PBXSourcesBuildPhase;
			buildActionMask = 2147483647;
			files = (
				92E4569026CEE9C60024F598 /* LoginService.swift in Sources */,
				92BCE43B26E50EC200E4E929 /* ProfileService.swift in Sources */,
				92E4569826D0F7440024F598 /* ScrollView.swift in Sources */,
				E3F1EEEF26E3BA2300C6814B /* GroupValuesComponentView.swift in Sources */,
				92E4569226CEED5C0024F598 /* Brand.swift in Sources */,
				92E4569A26D0F87F0024F598 /* Group.swift in Sources */,
				92BCE43426E4F9AE00E4E929 /* UIImageView+Extensions.swift in Sources */,
				4DDEBC1726E3C327000894B6 /* Button.swift in Sources */,
				92E4568526CEE4A90024F598 /* Toast.swift in Sources */,
				92E4569C26D0F8AE0024F598 /* GroupComponentView.swift in Sources */,
				E3DE737026E4F49000D9C9D3 /* GroupUsersResponse.swift in Sources */,
				92BCE42626E3CC9B00E4E929 /* JoinResponse.swift in Sources */,
				92E456A626D108100024F598 /* GroupListService.swift in Sources */,
				E37AF72526E3CF7300BD5C0B /* GroupBalanceComponentView.swift in Sources */,
				92E4568126CED7F40024F598 /* LoginViewController.swift in Sources */,
				E39B036226E3952C00EFE780 /* GroupDetailsViewController.swift in Sources */,
				4DDEBC1926E3C601000894B6 /* TextWithButton.swift in Sources */,
				4DDEBC1526E3BB19000894B6 /* TextField.swift in Sources */,
				92893E5A266BD961000CED03 /* GroupListViewController.swift in Sources */,
				92BCE43726E50B8A00E4E929 /* ProfileViewController.swift in Sources */,
				92FEA6FA26A5E61B008BFAA3 /* ScrollViewController.swift in Sources */,
				92E4567A26CED5790024F598 /* UserDefaultsKeys.swift in Sources */,
				92BCE44226E545FE00E4E929 /* AboutViewController.swift in Sources */,
				92893E86266BDD28000CED03 /* Config.swift in Sources */,
				92E456A026D0F9BA0024F598 /* Mock.swift in Sources */,
				E3DE737226E50A8600D9C9D3 /* UserResponse.swift in Sources */,
				E30CABB026E3CC0D00285E34 /* GroupUsersListComponentView.swift in Sources */,
				92E4568E26CEE9700024F598 /* LoginResponse.swift in Sources */,
				92BCE44626E550EC00E4E929 /* ShrinkView.swift in Sources */,
				E37AF72726E3DB5A00BD5C0B /* User.swift in Sources */,
				92BCE42B26E3D67400E4E929 /* AddGroupService.swift in Sources */,
				92FEA70426A5ED27008BFAA3 /* TableViewCell.swift in Sources */,
				92893E56266BD961000CED03 /* AppDelegate.swift in Sources */,
				92E4568B26CEE81F0024F598 /* UserRepository.swift in Sources */,
				92BCE42926E3D65F00E4E929 /* AddGroupViewController.swift in Sources */,
				92FEA70226A5E856008BFAA3 /* UIViewController+Extensions.swift in Sources */,
				92FEA6F126A5E5D0008BFAA3 /* TableViewController.swift in Sources */,
				92BCE43F26E520D100E4E929 /* PrimaryButton.swift in Sources */,
				92E456A426D107050024F598 /* GroupResponse.swift in Sources */,
				92893E58266BD961000CED03 /* SceneDelegate.swift in Sources */,
				92BCE43226E4F56E00E4E929 /* Date+Extensions.swift in Sources */,
				92E4568826CEE6520024F598 /* MoneyAppClient.swift in Sources */,
				92FEA6FC26A5E625008BFAA3 /* ControlViewController.swift in Sources */,
				4D6342C726DEC90A0065209B /* RegisterViewController.swift in Sources */,
				92E4567C26CED67F0024F598 /* Authentication.swift in Sources */,
				92E456A226D1057A0024F598 /* GroupRepository.swift in Sources */,
				4DDEBC1B26E3CE24000894B6 /* RegisterResponse.swift in Sources */,
			);
			runOnlyForDeploymentPostprocessing = 0;
		};
		92893E64266BD963000CED03 /* Sources */ = {
			isa = PBXSourcesBuildPhase;
			buildActionMask = 2147483647;
			files = (
				92893E6D266BD963000CED03 /* MoneyAppTests.swift in Sources */,
			);
			runOnlyForDeploymentPostprocessing = 0;
		};
		92893E6F266BD963000CED03 /* Sources */ = {
			isa = PBXSourcesBuildPhase;
			buildActionMask = 2147483647;
			files = (
				92893E78266BD963000CED03 /* MoneyAppUITests.swift in Sources */,
			);
			runOnlyForDeploymentPostprocessing = 0;
		};
/* End PBXSourcesBuildPhase section */

/* Begin PBXTargetDependency section */
		92893E6A266BD963000CED03 /* PBXTargetDependency */ = {
			isa = PBXTargetDependency;
			target = 92893E51266BD961000CED03 /* MoneyApp */;
			targetProxy = 92893E69266BD963000CED03 /* PBXContainerItemProxy */;
		};
		92893E75266BD963000CED03 /* PBXTargetDependency */ = {
			isa = PBXTargetDependency;
			target = 92893E51266BD961000CED03 /* MoneyApp */;
			targetProxy = 92893E74266BD963000CED03 /* PBXContainerItemProxy */;
		};
/* End PBXTargetDependency section */

/* Begin PBXVariantGroup section */
		92893E5B266BD961000CED03 /* Main.storyboard */ = {
			isa = PBXVariantGroup;
			children = (
				92893E5C266BD961000CED03 /* Base */,
			);
			name = Main.storyboard;
			sourceTree = "<group>";
		};
		92893E60266BD963000CED03 /* LaunchScreen.storyboard */ = {
			isa = PBXVariantGroup;
			children = (
				92893E61266BD963000CED03 /* Base */,
			);
			name = LaunchScreen.storyboard;
			sourceTree = "<group>";
		};
/* End PBXVariantGroup section */

/* Begin XCBuildConfiguration section */
		92893E7A266BD963000CED03 /* Debug */ = {
			isa = XCBuildConfiguration;
			buildSettings = {
				ALWAYS_SEARCH_USER_PATHS = NO;
				CLANG_ANALYZER_NONNULL = YES;
				CLANG_ANALYZER_NUMBER_OBJECT_CONVERSION = YES_AGGRESSIVE;
				CLANG_CXX_LANGUAGE_STANDARD = "gnu++14";
				CLANG_CXX_LIBRARY = "libc++";
				CLANG_ENABLE_MODULES = YES;
				CLANG_ENABLE_OBJC_ARC = YES;
				CLANG_ENABLE_OBJC_WEAK = YES;
				CLANG_WARN_BLOCK_CAPTURE_AUTORELEASING = YES;
				CLANG_WARN_BOOL_CONVERSION = YES;
				CLANG_WARN_COMMA = YES;
				CLANG_WARN_CONSTANT_CONVERSION = YES;
				CLANG_WARN_DEPRECATED_OBJC_IMPLEMENTATIONS = YES;
				CLANG_WARN_DIRECT_OBJC_ISA_USAGE = YES_ERROR;
				CLANG_WARN_DOCUMENTATION_COMMENTS = YES;
				CLANG_WARN_EMPTY_BODY = YES;
				CLANG_WARN_ENUM_CONVERSION = YES;
				CLANG_WARN_INFINITE_RECURSION = YES;
				CLANG_WARN_INT_CONVERSION = YES;
				CLANG_WARN_NON_LITERAL_NULL_CONVERSION = YES;
				CLANG_WARN_OBJC_IMPLICIT_RETAIN_SELF = YES;
				CLANG_WARN_OBJC_LITERAL_CONVERSION = YES;
				CLANG_WARN_OBJC_ROOT_CLASS = YES_ERROR;
				CLANG_WARN_QUOTED_INCLUDE_IN_FRAMEWORK_HEADER = YES;
				CLANG_WARN_RANGE_LOOP_ANALYSIS = YES;
				CLANG_WARN_STRICT_PROTOTYPES = YES;
				CLANG_WARN_SUSPICIOUS_MOVE = YES;
				CLANG_WARN_UNGUARDED_AVAILABILITY = YES_AGGRESSIVE;
				CLANG_WARN_UNREACHABLE_CODE = YES;
				CLANG_WARN__DUPLICATE_METHOD_MATCH = YES;
				COPY_PHASE_STRIP = NO;
				DEBUG_INFORMATION_FORMAT = dwarf;
				ENABLE_STRICT_OBJC_MSGSEND = YES;
				ENABLE_TESTABILITY = YES;
				GCC_C_LANGUAGE_STANDARD = gnu11;
				GCC_DYNAMIC_NO_PIC = NO;
				GCC_NO_COMMON_BLOCKS = YES;
				GCC_OPTIMIZATION_LEVEL = 0;
				GCC_PREPROCESSOR_DEFINITIONS = (
					"DEBUG=1",
					"$(inherited)",
				);
				GCC_WARN_64_TO_32_BIT_CONVERSION = YES;
				GCC_WARN_ABOUT_RETURN_TYPE = YES_ERROR;
				GCC_WARN_UNDECLARED_SELECTOR = YES;
				GCC_WARN_UNINITIALIZED_AUTOS = YES_AGGRESSIVE;
				GCC_WARN_UNUSED_FUNCTION = YES;
				GCC_WARN_UNUSED_VARIABLE = YES;
				IPHONEOS_DEPLOYMENT_TARGET = 13.2;
				MTL_ENABLE_DEBUG_INFO = INCLUDE_SOURCE;
				MTL_FAST_MATH = YES;
				ONLY_ACTIVE_ARCH = YES;
				SDKROOT = iphoneos;
				SWIFT_ACTIVE_COMPILATION_CONDITIONS = DEBUG;
				SWIFT_OPTIMIZATION_LEVEL = "-Onone";
			};
			name = Debug;
		};
		92893E7B266BD963000CED03 /* Release */ = {
			isa = XCBuildConfiguration;
			buildSettings = {
				ALWAYS_SEARCH_USER_PATHS = NO;
				CLANG_ANALYZER_NONNULL = YES;
				CLANG_ANALYZER_NUMBER_OBJECT_CONVERSION = YES_AGGRESSIVE;
				CLANG_CXX_LANGUAGE_STANDARD = "gnu++14";
				CLANG_CXX_LIBRARY = "libc++";
				CLANG_ENABLE_MODULES = YES;
				CLANG_ENABLE_OBJC_ARC = YES;
				CLANG_ENABLE_OBJC_WEAK = YES;
				CLANG_WARN_BLOCK_CAPTURE_AUTORELEASING = YES;
				CLANG_WARN_BOOL_CONVERSION = YES;
				CLANG_WARN_COMMA = YES;
				CLANG_WARN_CONSTANT_CONVERSION = YES;
				CLANG_WARN_DEPRECATED_OBJC_IMPLEMENTATIONS = YES;
				CLANG_WARN_DIRECT_OBJC_ISA_USAGE = YES_ERROR;
				CLANG_WARN_DOCUMENTATION_COMMENTS = YES;
				CLANG_WARN_EMPTY_BODY = YES;
				CLANG_WARN_ENUM_CONVERSION = YES;
				CLANG_WARN_INFINITE_RECURSION = YES;
				CLANG_WARN_INT_CONVERSION = YES;
				CLANG_WARN_NON_LITERAL_NULL_CONVERSION = YES;
				CLANG_WARN_OBJC_IMPLICIT_RETAIN_SELF = YES;
				CLANG_WARN_OBJC_LITERAL_CONVERSION = YES;
				CLANG_WARN_OBJC_ROOT_CLASS = YES_ERROR;
				CLANG_WARN_QUOTED_INCLUDE_IN_FRAMEWORK_HEADER = YES;
				CLANG_WARN_RANGE_LOOP_ANALYSIS = YES;
				CLANG_WARN_STRICT_PROTOTYPES = YES;
				CLANG_WARN_SUSPICIOUS_MOVE = YES;
				CLANG_WARN_UNGUARDED_AVAILABILITY = YES_AGGRESSIVE;
				CLANG_WARN_UNREACHABLE_CODE = YES;
				CLANG_WARN__DUPLICATE_METHOD_MATCH = YES;
				COPY_PHASE_STRIP = NO;
				DEBUG_INFORMATION_FORMAT = "dwarf-with-dsym";
				ENABLE_NS_ASSERTIONS = NO;
				ENABLE_STRICT_OBJC_MSGSEND = YES;
				GCC_C_LANGUAGE_STANDARD = gnu11;
				GCC_NO_COMMON_BLOCKS = YES;
				GCC_WARN_64_TO_32_BIT_CONVERSION = YES;
				GCC_WARN_ABOUT_RETURN_TYPE = YES_ERROR;
				GCC_WARN_UNDECLARED_SELECTOR = YES;
				GCC_WARN_UNINITIALIZED_AUTOS = YES_AGGRESSIVE;
				GCC_WARN_UNUSED_FUNCTION = YES;
				GCC_WARN_UNUSED_VARIABLE = YES;
				IPHONEOS_DEPLOYMENT_TARGET = 13.2;
				MTL_ENABLE_DEBUG_INFO = NO;
				MTL_FAST_MATH = YES;
				SDKROOT = iphoneos;
				SWIFT_COMPILATION_MODE = wholemodule;
				SWIFT_OPTIMIZATION_LEVEL = "-O";
				VALIDATE_PRODUCT = YES;
			};
			name = Release;
		};
		92893E7D266BD963000CED03 /* Debug */ = {
			isa = XCBuildConfiguration;
			baseConfigurationReference = C899D24842896264E2AC522C /* Pods-MoneyApp.debug.xcconfig */;
			buildSettings = {
				ASSETCATALOG_COMPILER_APPICON_NAME = AppIcon;
				ASSETCATALOG_COMPILER_GLOBAL_ACCENT_COLOR_NAME = AccentColor;
				CODE_SIGN_IDENTITY = "Apple Development";
				CODE_SIGN_STYLE = Automatic;
				DEVELOPMENT_TEAM = 3BYPA4W3AF;
				INFOPLIST_FILE = MoneyApp/Info.plist;
				LD_RUNPATH_SEARCH_PATHS = (
					"$(inherited)",
					"@executable_path/Frameworks",
				);
				PRODUCT_BUNDLE_IDENTIFIER = com.NQProjectd.MoneyAppp;
				PRODUCT_NAME = "$(TARGET_NAME)";
				PROVISIONING_PROFILE_SPECIFIER = "";
				SWIFT_VERSION = 5.0;
				TARGETED_DEVICE_FAMILY = "1,2";
			};
			name = Debug;
		};
		92893E7E266BD963000CED03 /* Release */ = {
			isa = XCBuildConfiguration;
			baseConfigurationReference = 8827E214D6520A96C0AE83D5 /* Pods-MoneyApp.release.xcconfig */;
			buildSettings = {
				ASSETCATALOG_COMPILER_APPICON_NAME = AppIcon;
				ASSETCATALOG_COMPILER_GLOBAL_ACCENT_COLOR_NAME = AccentColor;
				CODE_SIGN_IDENTITY = "Apple Development";
				CODE_SIGN_STYLE = Automatic;
				DEVELOPMENT_TEAM = 3BYPA4W3AF;
				INFOPLIST_FILE = MoneyApp/Info.plist;
				LD_RUNPATH_SEARCH_PATHS = (
					"$(inherited)",
					"@executable_path/Frameworks",
				);
				PRODUCT_BUNDLE_IDENTIFIER = com.NQProjectd.MoneyAppp;
				PRODUCT_NAME = "$(TARGET_NAME)";
				PROVISIONING_PROFILE_SPECIFIER = "";
				SWIFT_VERSION = 5.0;
				TARGETED_DEVICE_FAMILY = "1,2";
			};
			name = Release;
		};
		92893E80266BD963000CED03 /* Debug */ = {
			isa = XCBuildConfiguration;
			baseConfigurationReference = D96D3DE344EBDFCD506A35EC /* Pods-MoneyAppTests.debug.xcconfig */;
			buildSettings = {
				ALWAYS_EMBED_SWIFT_STANDARD_LIBRARIES = YES;
				BUNDLE_LOADER = "$(TEST_HOST)";
				CODE_SIGN_STYLE = Automatic;
				DEVELOPMENT_TEAM = R69482HBMQ;
				INFOPLIST_FILE = MoneyAppTests/Info.plist;
				IPHONEOS_DEPLOYMENT_TARGET = 13.2;
				LD_RUNPATH_SEARCH_PATHS = (
					"$(inherited)",
					"@executable_path/Frameworks",
					"@loader_path/Frameworks",
				);
				PRODUCT_BUNDLE_IDENTIFIER = com.NQProject.MoneyAppTests;
				PRODUCT_NAME = "$(TARGET_NAME)";
				SWIFT_VERSION = 5.0;
				TARGETED_DEVICE_FAMILY = "1,2";
				TEST_HOST = "$(BUILT_PRODUCTS_DIR)/MoneyApp.app/MoneyApp";
			};
			name = Debug;
		};
		92893E81266BD963000CED03 /* Release */ = {
			isa = XCBuildConfiguration;
			baseConfigurationReference = 81DE3A7461FB20B90373FFF4 /* Pods-MoneyAppTests.release.xcconfig */;
			buildSettings = {
				ALWAYS_EMBED_SWIFT_STANDARD_LIBRARIES = YES;
				BUNDLE_LOADER = "$(TEST_HOST)";
				CODE_SIGN_STYLE = Automatic;
				DEVELOPMENT_TEAM = R69482HBMQ;
				INFOPLIST_FILE = MoneyAppTests/Info.plist;
				IPHONEOS_DEPLOYMENT_TARGET = 13.2;
				LD_RUNPATH_SEARCH_PATHS = (
					"$(inherited)",
					"@executable_path/Frameworks",
					"@loader_path/Frameworks",
				);
				PRODUCT_BUNDLE_IDENTIFIER = com.NQProject.MoneyAppTests;
				PRODUCT_NAME = "$(TARGET_NAME)";
				SWIFT_VERSION = 5.0;
				TARGETED_DEVICE_FAMILY = "1,2";
				TEST_HOST = "$(BUILT_PRODUCTS_DIR)/MoneyApp.app/MoneyApp";
			};
			name = Release;
		};
		92893E83266BD963000CED03 /* Debug */ = {
			isa = XCBuildConfiguration;
			baseConfigurationReference = 885B49F1E65C483526CF41DA /* Pods-MoneyApp-MoneyAppUITests.debug.xcconfig */;
			buildSettings = {
				ALWAYS_EMBED_SWIFT_STANDARD_LIBRARIES = YES;
				CODE_SIGN_STYLE = Automatic;
				DEVELOPMENT_TEAM = R69482HBMQ;
				INFOPLIST_FILE = MoneyAppUITests/Info.plist;
				LD_RUNPATH_SEARCH_PATHS = (
					"$(inherited)",
					"@executable_path/Frameworks",
					"@loader_path/Frameworks",
				);
				PRODUCT_BUNDLE_IDENTIFIER = com.NQProject.MoneyAppUITests;
				PRODUCT_NAME = "$(TARGET_NAME)";
				SWIFT_VERSION = 5.0;
				TARGETED_DEVICE_FAMILY = "1,2";
				TEST_TARGET_NAME = MoneyApp;
			};
			name = Debug;
		};
		92893E84266BD963000CED03 /* Release */ = {
			isa = XCBuildConfiguration;
			baseConfigurationReference = 6D848F9CDA51F8C248338DD7 /* Pods-MoneyApp-MoneyAppUITests.release.xcconfig */;
			buildSettings = {
				ALWAYS_EMBED_SWIFT_STANDARD_LIBRARIES = YES;
				CODE_SIGN_STYLE = Automatic;
				DEVELOPMENT_TEAM = R69482HBMQ;
				INFOPLIST_FILE = MoneyAppUITests/Info.plist;
				LD_RUNPATH_SEARCH_PATHS = (
					"$(inherited)",
					"@executable_path/Frameworks",
					"@loader_path/Frameworks",
				);
				PRODUCT_BUNDLE_IDENTIFIER = com.NQProject.MoneyAppUITests;
				PRODUCT_NAME = "$(TARGET_NAME)";
				SWIFT_VERSION = 5.0;
				TARGETED_DEVICE_FAMILY = "1,2";
				TEST_TARGET_NAME = MoneyApp;
			};
			name = Release;
		};
/* End XCBuildConfiguration section */

/* Begin XCConfigurationList section */
		92893E4D266BD961000CED03 /* Build configuration list for PBXProject "MoneyApp" */ = {
			isa = XCConfigurationList;
			buildConfigurations = (
				92893E7A266BD963000CED03 /* Debug */,
				92893E7B266BD963000CED03 /* Release */,
			);
			defaultConfigurationIsVisible = 0;
			defaultConfigurationName = Release;
		};
		92893E7C266BD963000CED03 /* Build configuration list for PBXNativeTarget "MoneyApp" */ = {
			isa = XCConfigurationList;
			buildConfigurations = (
				92893E7D266BD963000CED03 /* Debug */,
				92893E7E266BD963000CED03 /* Release */,
			);
			defaultConfigurationIsVisible = 0;
			defaultConfigurationName = Release;
		};
		92893E7F266BD963000CED03 /* Build configuration list for PBXNativeTarget "MoneyAppTests" */ = {
			isa = XCConfigurationList;
			buildConfigurations = (
				92893E80266BD963000CED03 /* Debug */,
				92893E81266BD963000CED03 /* Release */,
			);
			defaultConfigurationIsVisible = 0;
			defaultConfigurationName = Release;
		};
		92893E82266BD963000CED03 /* Build configuration list for PBXNativeTarget "MoneyAppUITests" */ = {
			isa = XCConfigurationList;
			buildConfigurations = (
				92893E83266BD963000CED03 /* Debug */,
				92893E84266BD963000CED03 /* Release */,
			);
			defaultConfigurationIsVisible = 0;
			defaultConfigurationName = Release;
		};
/* End XCConfigurationList section */
	};
	rootObject = 92893E4A266BD961000CED03 /* Project object */;
}
